// !$*UTF8*$!
{
	archiveVersion = 1;
	classes = {};
	objectVersion = 56;
	objects = {
		03B4ECC7EB2855C77B44E8B0 = {fileRef = "097FBAE016AEAB3ABCD4B1CB"; isa = "PBXBuildFile";};
		03B788E553A8D0AF4BB7B808 = {fileRef = "E4A20DB86DD1CE8C681CFABB"; isa = "PBXBuildFile";};
		049257AF4A0AEDDCBE0DAFC6 = {fileRef = "4CABDEABD04E6DEDFC97A74E"; isa = "PBXBuildFile";};
		076B12938A5AC04D00CF5AED = {fileRef = "71FBAB8AA0AFCBD1A3EA7B7F"; isa = "PBXBuildFile";};
		097FBAE016AEAB3ABCD4B1CB = {isa = "PBXFileReference"; lastKnownFileType = "sourcecode.swift"; path = "RootView.swift"; sourceTree = "<group>";};
		0AFB183CD6BAC78F753CAFBC = {isa = "PBXFileReference"; lastKnownFileType = "sourcecode.swift"; path = "RealtimeVoiceSession.swift"; sourceTree = "<group>";};
		0C7EEB4ECFD36FD7CA0BACE4 = {fileRef = "4E2EEA553EB6AFB45EEE7B42"; isa = "PBXBuildFile";};
		0CB9CAABEB0A4EADED22D9E7 = {children = ("B9D6B5FBE1EBDF6F169D87B4"); isa = "PBXGroup"; name = "Cards"; path = "Cards"; sourceTree = "<group>";};
		0E3BB5AF5D04ECD3B1752EBB = {isa = "PBXFileReference"; lastKnownFileType = "sourcecode.fonts"; path = "CormorantGaramond-SemiBold.ttf"; sourceTree = "<group>";};
		0E6C29E8FA7C98CE387E696E = {explicitFileType = "wrapper.cfbundle"; includeInIndex = 0; isa = "PBXFileReference"; path = "JARVISTests.xctest"; sourceTree = "BUILT_PRODUCTS_DIR";};
		0E6DAE95EA3BDB77506C932F = {fileRef = "72DFB6E9DA15610A2EF8AEA9"; isa = "PBXBuildFile";};
		0ECC853FCCA2CF5BAF0DD5A7 = {fileRef = "2ACEBDDEBFD7E59F680B98BD"; isa = "PBXBuildFile";};
		0FA559DC3274EEFD69E8C6B0 = {isa = "PBXFileReference"; lastKnownFileType = "sourcecode.swift"; path = "PreflightDiagnostics.swift"; sourceTree = "<group>";};
		0FF42D557B226BFF2AB3BE0A = {children = ("ADC11DE44E31C5FDFEFAFE8F", "BBDF2FBAA3EA2B9A49BD02DC"); isa = "PBXGroup"; name = "Providers"; path = "Providers"; sourceTree = "<group>";};
		11CE26CA7CC7F5D9BCAE9AF1 = {fileRef = "2F45CB6280F7C382556DDB30"; isa = "PBXBuildFile";};
		149ADCCEDB1FC5BDB2D1FAFD = {children = ("1E4D7CFA7A91DEED6379C4B3", "689D7AFF9FDA3F384DECCF45", "D7BD61BB2BFE5F4CD7A570FC"); isa = "PBXGroup"; name = "Agents"; path = "Agents"; sourceTree = "<group>";};
		17A7F5FAC9AEC2FCD70D40DF = {fileRef = "EEC9CBFEA4AADB1FB4EC6B14"; isa = "PBXBuildFile";};
		1B0DD49E7B22E494ABAECEE3 = {fileRef = "43B1CFCDFF192B510DAAB97A"; isa = "PBXBuildFile";};
		1BA9EEE54D3EBB5D1DFF216C = {buildSettings = {CODE_SIGN_STYLE = "Automatic"; CURRENT_PROJECT_VERSION = "1"; ENABLE_HARDENED_RUNTIME = "YES"; GENERATE_INFOPLIST_FILE = "YES"; INFOPLIST_KEY_NSCalendarsUsageDescription = "جارفس يحتاج التقويم لعرض مواعيدك."; INFOPLIST_KEY_NSMicrophoneUsageDescription = "جارفس يحتاج الميكروفون للمحادثة الصوتية."; INFOPLIST_KEY_NSRemindersUsageDescription = "جارفس يحتاج التذكيرات لعرض مهامك."; MACOSX_DEPLOYMENT_TARGET = "14.0"; MARKETING_VERSION = "0.1.0"; PRODUCT_BUNDLE_IDENTIFIER = "com.salemai.jarvis.mac"; PRODUCT_NAME = "JARVIS Mac"; SDKROOT = "macosx"; SWIFT_VERSION = "5.0";}; isa = "XCBuildConfiguration"; name = "Debug";};
		1BBD7DC6A7DD3E8F3C9C3C2F = {isa = "PBXFileReference"; lastKnownFileType = "sourcecode.swift"; path = "ApprovalCardView.swift"; sourceTree = "<group>";};
		1D3AC8F6B03B80BFECC90A60 = {fileRef = "AAD972F2BFDC2BA36DB5F4B4"; isa = "PBXBuildFile";};
		1E3DCA23B47CB867E71AB14A = {isa = "PBXFileReference"; lastKnownFileType = "sourcecode.swift"; path = "SessionGuardState.swift"; sourceTree = "<group>";};
		1E4D7CFA7A91DEED6379C4B3 = {isa = "PBXFileReference"; lastKnownFileType = "sourcecode.swift"; path = "AgentRegistry.swift"; sourceTree = "<group>";};
		1E58A27744D6CBADFDFEEE61 = {buildActionMask = 2147483647; files = (); isa = "PBXResourcesBuildPhase"; runOnlyForDeploymentPostprocessing = 0;};
		1EE246CAEDBD220AACEAE7B2 = {isa = "PBXFileReference"; lastKnownFileType = "sourcecode.swift"; path = "MotionTokens.swift"; sourceTree = "<group>";};
		1EFFFB30E3FE17329AA2BFFC = {fileRef = "7FC5345F4E2CD6C26FA922AE"; isa = "PBXBuildFile";};
		1F0FA3D56EAD7BBC1C8B8ACD = {isa = "PBXTargetDependency"; target = "DAB6F8CFBFB28D4B6EFFF2F4"; targetProxy = "CCC5BAA8332772B23F278E6F";};
		1F1DFABD65D15EE5FC8FB0AE = {fileRef = "8DCAD2CDD0013C17D9E82AD9"; isa = "PBXBuildFile";};
		1FEA2132200FDF272B31DE9E = {isa = "PBXFileReference"; lastKnownFileType = "sourcecode.swift"; path = "MockCalendarProvider.swift"; sourceTree = "<group>";};
		1FF06F54BE1F1C9DBB6FDDD7 = {children = ("ADAF66EA52AECA2ED5EC054C", "EFFFBFCCA7970AD3DF5BF01A"); isa = "PBXGroup"; name = "Mocks"; path = "Mocks"; sourceTree = "<group>";};
		2355BDEA102F7A309B2B6CF2 = {fileRef = "D3F44B8D3C0DEAC74CDCC6AE"; isa = "PBXBuildFile";};
		27EDFA6096FEEA7A17BFBFEF = {children = ("369DDA7DD69D953BC7B4FE5D", "E62ADAE914C60E73544EAA7A", "44BDDA46FADF953E4EB33ADB", "0CB9CAABEB0A4EADED22D9E7", "CF4E3424EB25EFA16EE03DAB", "149ADCCEDB1FC5BDB2D1FAFD", "E13BF84B2BE8F24BA7442BEA", "0FF42D557B226BFF2AB3BE0A", "1FF06F54BE1F1C9DBB6FDDD7", "F0A46C3F4DCE32233FADDAAF", "C2FFF141FBA0022BA52C120F", "C5D9BA6A9ECF4FCECFBCE4DC", "FF3CABBAD256D3C4CE72F217", "D3DBDF79B919B0C51E3DDFCC", "3CE572F9F33FA52B43CD991F", "CD1FF6CFA10AB2EFA3EA4ACF", "748B3D716327F6E9768F31A4", "DAF5489CEEDAB7D1FFACD1CE", "E3EDED9AEACEDB44CF3AA3D0", "D31AE4CBEFECFBFF2B210734", "BE4B7B4A8B4EDADA2F6DBCAD", "2F45CB6280F7C382556DDB30", "A2ABF138F6CC6ECDEA3EDCFB"); isa = "PBXGroup"; name = "JARVIS"; path = "JARVIS"; sourceTree = "<group>";};
		286A598E0EDF74A8F250A850 = {fileRef = "FFCEAEF1C887AB1BE6E7EA4B"; isa = "PBXBuildFile";};
		2ACEBDDEBFD7E59F680B98BD = {isa = "PBXFileReference"; lastKnownFileType = "sourcecode.swift"; path = "JarvisState.swift"; sourceTree = "<group>";};
		2CBA0D1BADE0C2D52D418C0B = {isa = "PBXFileReference"; lastKnownFileType = "sourcecode.swift"; path = "InboxView.swift"; sourceTree = "<group>";};
		2F45CB6280F7C382556DDB30 = {isa = "PBXFileReference"; lastKnownFileType = "folder.assetcatalog"; path = "Assets.xcassets"; sourceTree = "<group>";};
		2FC3D1DDD557E6CABAC9C959 = {isa = "PBXFileReference"; lastKnownFileType = "sourcecode.swift"; path = "JarvisAppIntent.swift"; sourceTree = "<group>";};
		2FD68FACA1F57BD418C59FCA = {fileRef = "9EBFA73F5CAA0DFA48C79098"; isa = "PBXBuildFile";};
		306EEA323C4BEED1DAE3634C = {fileRef = "1BBD7DC6A7DD3E8F3C9C3C2F"; isa = "PBXBuildFile";};
		32CFE4D3BA36B319ECDCE08E = {fileRef = "EAC6C1B71303EB0A86EA2DE1"; isa = "PBXBuildFile";};
		3622C2FFB9DE3FE2B9C6F3DF = {isa = "PBXFileReference"; lastKnownFileType = "sourcecode.swift"; path = "AppleEventKitWriter.swift"; sourceTree = "<group>";};
		369DDA7DD69D953BC7B4FE5D = {children = ("097FBAE016AEAB3ABCD4B1CB", "2FC3D1DDD557E6CABAC9C959", "5CD8BA4430EDAC9DC9D1AFD4", "72DFB6E9DA15610A2EF8AEA9", "7DEE93A28E4AC72EEEEA39DD", "A2A0EBD84E36D6DCFED0DEDE", "B35E40ADBEF6CBDFB966E85D", "F1B80B2A9B9D9E829DF46CDC", "F93EFD492BFF3FB7FD5B4BF3"); isa = "PBXGroup"; name = "App"; path = "App"; sourceTree = "<group>";};
		3CAC09BB7E51753C9E70E7EC = {fileRef = "E5DFD3FA2FF3F62C2E5FCA4A"; isa = "PBXBuildFile";};
		3CE572F9F33FA52B43CD991F = {children = ("B2B6B297E02842FEAAA9C3B2", "DE652A96ED4D572E6BB61F33", "EAC6C1B71303EB0A86EA2DE1", "FFCEAEF1C887AB1BE6E7EA4B"); isa = "PBXGroup"; name = "Memory"; path = "Memory"; sourceTree = "<group>";};
		3D32A11607BF1C900EDAEAB4 = {isa = "PBXFileReference"; lastKnownFileType = "text.json"; path = "DESIGN-TOKENS.json"; sourceTree = "<group>";};
		3E9E7ED56DDA7310EECD6D6D = {fileRef = "9E0DDC0FCE705B2BD9B61E75"; isa = "PBXBuildFile";};
		43B1CFCDFF192B510DAAB97A = {isa = "PBXFileReference"; lastKnownFileType = "sourcecode.swift"; path = "AttachmentMenu.swift"; sourceTree = "<group>";};
		43C2C096888C4DF61C880BFB = {fileRef = "1E3DCA23B47CB867E71AB14A"; isa = "PBXBuildFile";};
		43FC8DDBD092AB23ECDDDEDC = {fileRef = "9CDB5CF6A5E10FBCCABADCA9"; isa = "PBXBuildFile";};
		44BDDA46FADF953E4EB33ADB = {children = ("1BBD7DC6A7DD3E8F3C9C3C2F", "1EE246CAEDBD220AACEAE7B2", "5B2304EBA70B4DCA4420B0D5", "8EC28B8CFFBEF24A0DC46229", "9EBFA73F5CAA0DFA48C79098", "E5DFD3FA2FF3F62C2E5FCA4A", "F8A346CC79BCB194DC5EA8DB", "FC05B7E5E4D24E4FC1D6BCD3", "FEA7F4829FFA7B22F56CDD9C"); isa = "PBXGroup"; name = "Core"; path = "Core"; sourceTree = "<group>";};
		46BFCDFB2A8D47FDAE5FE4CE = {fileRef = "FDD2A1ADB2AEACECA5BE899D"; isa = "PBXBuildFile";};
		4734D76E20EA2CAEA67F62A7 = {fileRef = "D353E4BAABD1F4DABB9AB8B6"; isa = "PBXBuildFile";};
		4AFD3AA5E955FE7CBBFE0BDE = {isa = "PBXFileReference"; lastKnownFileType = "sourcecode.swift"; path = "QuickSuggestions.swift"; sourceTree = "<group>";};
		4CAB3A4BFAD91AD34D3FE43B = {fileRef = "1FEA2132200FDF272B31DE9E"; isa = "PBXBuildFile";};
		4CABDEABD04E6DEDFC97A74E = {isa = "PBXFileReference"; lastKnownFileType = "sourcecode.swift"; path = "DocumentScanner.swift"; sourceTree = "<group>";};
		4E2EEA553EB6AFB45EEE7B42 = {isa = "PBXFileReference"; lastKnownFileType = "sourcecode.swift"; path = "JarvisTokens.swift"; sourceTree = "<group>";};
		4E61C7CD0F6CECCBBB2C50EE = {isa = "PBXFileReference"; lastKnownFileType = "sourcecode.swift"; path = "VoiceSession.swift"; sourceTree = "<group>";};
		5197BADF5E4AE340F95CDEE7 = {buildSettings = {BUNDLE_LOADER = "$(TEST_HOST)"; CODE_SIGN_STYLE = "Automatic"; CURRENT_PROJECT_VERSION = "1"; GENERATE_INFOPLIST_FILE = "YES"; IPHONEOS_DEPLOYMENT_TARGET = "17.0"; MARKETING_VERSION = "0.1.0"; PRODUCT_BUNDLE_IDENTIFIER = "com.salemai.jarvisTests"; PRODUCT_NAME = "$(TARGET_NAME)"; SDKROOT = "iphoneos"; SWIFT_VERSION = "5.0"; TARGETED_DEVICE_FAMILY = "1,2"; TEST_HOST = "$(BUILT_PRODUCTS_DIR)/JARVIS.app/JARVIS";}; isa = "XCBuildConfiguration"; name = "Debug";};
		552C1E8FCC1B1EC2CD2E3FCD = {buildSettings = {CODE_SIGN_STYLE = "Automatic"; CURRENT_PROJECT_VERSION = "1"; GENERATE_INFOPLIST_FILE = "YES"; MACOSX_DEPLOYMENT_TARGET = "14.0"; MARKETING_VERSION = "0.1.0"; PRODUCT_BUNDLE_IDENTIFIER = "com.salemai.jarvisTests.mac"; PRODUCT_NAME = "$(TARGET_NAME)"; SDKROOT = "macosx"; SWIFT_VERSION = "5.0";}; isa = "XCBuildConfiguration"; name = "Debug";};
		5596972EA6EB2EF85B4C0A4F = {fileRef = "F1B80B2A9B9D9E829DF46CDC"; isa = "PBXBuildFile";};
		57CFADAACD3AB82CDAC6F68D = {fileRef = "3D32A11607BF1C900EDAEAB4"; isa = "PBXBuildFile";};
		5B2304EBA70B4DCA4420B0D5 = {isa = "PBXFileReference"; lastKnownFileType = "sourcecode.swift"; path = "JarvisCoreView.swift"; sourceTree = "<group>";};
		5BF08167F8A6FB769D3FBEDD = {isa = "PBXFileReference"; lastKnownFileType = "sourcecode.swift"; path = "SessionGuardTests.swift"; sourceTree = "<group>";};
		5C6E2B4439E36A107CD6D8CF = {buildSettings = {BUNDLE_LOADER = "$(TEST_HOST)"; CODE_SIGN_STYLE = "Automatic"; CURRENT_PROJECT_VERSION = "1"; GENERATE_INFOPLIST_FILE = "YES"; IPHONEOS_DEPLOYMENT_TARGET = "17.0"; MARKETING_VERSION = "0.1.0"; PRODUCT_BUNDLE_IDENTIFIER = "com.salemai.jarvisTests"; PRODUCT_NAME = "$(TARGET_NAME)"; SDKROOT = "iphoneos"; SWIFT_VERSION = "5.0"; TARGETED_DEVICE_FAMILY = "1,2"; TEST_HOST = "$(BUILT_PRODUCTS_DIR)/JARVIS.app/JARVIS";}; isa = "XCBuildConfiguration"; name = "Release";};
		5CD8BA4430EDAC9DC9D1AFD4 = {isa = "PBXFileReference"; lastKnownFileType = "sourcecode.swift"; path = "JarvisMapsIntent.swift"; sourceTree = "<group>";};
		5DAB6F2F6D1B8909FFC18BDE = {fileRef = "EA575D7BAC84B39AC31850BA"; isa = "PBXBuildFile";};
		5F94ADEBAEB379D2EE71F36E = {children = ("0E3BB5AF5D04ECD3B1752EBB", "84AEFCEE4D6977DB817EB16F", "960AF1C0A24BDA27FC069037"); isa = "PBXGroup"; name = "Fonts"; path = "Fonts"; sourceTree = "<group>";};
		5FA160C7ADCE024FC7BF70CA = {buildConfigurations = ("F72FB7BD6DE3C5DBBA914FAB", "EDB1A636EC49FC2157D9B9AD"); defaultConfigurationIsVisible = 0; defaultConfigurationName = "Release"; isa = "XCConfigurationList";};
		689D7AFF9FDA3F384DECCF45 = {isa = "PBXFileReference"; lastKnownFileType = "sourcecode.swift"; path = "AgentRouter.swift"; sourceTree = "<group>";};
		6946CDE03C8B48D924CEABBF = {children = ("9B98275D594DB8D5AEA4EC01"); isa = "PBXGroup"; name = "Icons"; path = "Icons"; sourceTree = "<group>";};
		6B3CCAEDD036BC76B932B1A6 = {buildSettings = {ASSETCATALOG_COMPILER_APPICON_NAME = "AppIcon"; CODE_SIGN_STYLE = "Automatic"; CURRENT_PROJECT_VERSION = "1"; GENERATE_INFOPLIST_FILE = "NO"; INFOPLIST_FILE = "JARVIS/Info.plist"; IPHONEOS_DEPLOYMENT_TARGET = "17.0"; LD_RUNPATH_SEARCH_PATHS = "$(inherited) @executable_path/Frameworks"; MARKETING_VERSION = "0.1.0"; PRODUCT_BUNDLE_IDENTIFIER = "com.salemai.jarvis"; PRODUCT_NAME = "$(TARGET_NAME)"; SDKROOT = "iphoneos"; SWIFT_VERSION = "5.0"; TARGETED_DEVICE_FAMILY = "1,2";}; isa = "XCBuildConfiguration"; name = "Release";};
		6C9CFA35C1AD3FC9EF4EF0CE = {isa = "PBXFileReference"; lastKnownFileType = "sourcecode.swift"; path = "AudioRecorderView.swift"; sourceTree = "<group>";};
		6D6AACCCF58FFD9FFE6CDDC6 = {fileRef = "1EE246CAEDBD220AACEAE7B2"; isa = "PBXBuildFile";};
		6DCA9D2C0F81C3BA2DA6C3CC = {fileRef = "EDFDE717DCCEEECEE8E75890"; isa = "PBXBuildFile";};
		6DF22DF31E23FCD03CEA498E = {fileRef = "B35E40ADBEF6CBDFB966E85D"; isa = "PBXBuildFile";};
		71FBAB8AA0AFCBD1A3EA7B7F = {isa = "PBXFileReference"; lastKnownFileType = "sourcecode.swift"; path = "KeychainStore.swift"; sourceTree = "<group>";};
		72DFB6E9DA15610A2EF8AEA9 = {isa = "PBXFileReference"; lastKnownFileType = "sourcecode.swift"; path = "JarvisShortcuts.swift"; sourceTree = "<group>";};
		740BC5DB55D82EB8B87DBC07 = {isa = "PBXFileReference"; lastKnownFileType = "sourcecode.swift"; path = "PairingView.swift"; sourceTree = "<group>";};
		748B3D716327F6E9768F31A4 = {children = ("903E907A0DB4FE6081ACCCEF", "D3F44B8D3C0DEAC74CDCC6AE"); isa = "PBXGroup"; name = "Camera"; path = "Camera"; sourceTree = "<group>";};
		749CCC3A73EC4BABCCD2CBD9 = {explicitFileType = "wrapper.cfbundle"; includeInIndex = 0; isa = "PBXFileReference"; path = "JARVISTestsMac.xctest"; sourceTree = "BUILT_PRODUCTS_DIR";};
		74AD4ABE8D22AE25D56FF1CE = {fileRef = "A8EAEF5E2EF8FE7DDAAB9BBA"; isa = "PBXBuildFile";};
		7AB36DDDED9B89F17F2EACA2 = {isa = "PBXFileReference"; lastKnownFileType = "sourcecode.swift"; path = "ApprovalPolicyEvaluatorTests.swift"; sourceTree = "<group>";};
		7B5FB64563B6D41EAFAFB7F0 = {isa = "PBXFileReference"; lastKnownFileType = "sourcecode.swift"; path = "MacHomeView.swift"; sourceTree = "<group>";};
		7C2B82CEF4C5B2AEF8B97A70 = {fileRef = "B9909BEF2B8CCDE7D6B1BEBF"; isa = "PBXBuildFile";};
		7CD073A3D79BE4C650A26FCD = {fileRef = "B2B6B297E02842FEAAA9C3B2"; isa = "PBXBuildFile";};
		7D8CE2B3EF9671BC7D822BAF = {fileRef = "84AEFCEE4D6977DB817EB16F"; isa = "PBXBuildFile";};
		7DEE93A28E4AC72EEEEA39DD = {isa = "PBXFileReference"; lastKnownFileType = "sourcecode.swift"; path = "BackgroundSessionHandler.swift"; sourceTree = "<group>";};
		7FC5038DCBD2AABE3CCB4DA5 = {buildActionMask = 2147483647; files = (); isa = "PBXFrameworksBuildPhase"; runOnlyForDeploymentPostprocessing = 0;};
		7FC5345F4E2CD6C26FA922AE = {isa = "PBXFileReference"; lastKnownFileType = "sourcecode.swift"; path = "HomeViewModelTests.swift"; sourceTree = "<group>";};
		806D1AF94A2998AFE5D832D2 = {isa = "PBXFileReference"; lastKnownFileType = "sourcecode.swift"; path = "VoiceAudioEngine.swift"; sourceTree = "<group>";};
		807FDF5DDB803DDBFCF3D220 = {fileRef = "6C9CFA35C1AD3FC9EF4EF0CE"; isa = "PBXBuildFile";};
		84AEFCEE4D6977DB817EB16F = {isa = "PBXFileReference"; lastKnownFileType = "sourcecode.fonts"; path = "IBMPlexSansArabic-Bold.ttf"; sourceTree = "<group>";};
		855B4E8ACA22A44E1811CAB8 = {fileRef = "5B2304EBA70B4DCA4420B0D5"; isa = "PBXBuildFile";};
		85EEADBBBB3BDAE4C7D3775D = {isa = "PBXFileReference"; lastKnownFileType = "sourcecode.swift"; path = "QuickCommand.swift"; sourceTree = "<group>";};
		8659CFA532ECB36EEF4AAC2C = {fileRef = "8EC28B8CFFBEF24A0DC46229"; isa = "PBXBuildFile";};
		8AB7DE640B9A89D9BD01BD56 = {buildConfigurationList = "FC36C87B335A7DA0F99634BE"; buildPhases = ("E7EFBCEAEAE756E31EC6269E", "FBE3BE1AB6E3E5D60F6EB8FF", "CBE879BFDCD4EB6FD9ACD8AB"); buildRules = (); dependencies = (); isa = "PBXNativeTarget"; name = "JARVIS Mac"; productName = "JARVIS Mac"; productReference = "FC6B3F273AD437FD22B7725A"; productType = "com.apple.product-type.application";};
		8BF614B1EE75A1DC4EFDEEE1 = {fileRef = "EA6457F387AAE76C2F08259A"; isa = "PBXBuildFile";};
		8BFEF3900A9C0E1DA122CF7A = {fileRef = "E7DDA785CC4BC78AD8C5D841"; isa = "PBXBuildFile";};
		8C9A3CD629466AC58D66BCAC = {fileRef = "0FA559DC3274EEFD69E8C6B0"; isa = "PBXBuildFile";};
		8DCAD2CDD0013C17D9E82AD9 = {isa = "PBXFileReference"; lastKnownFileType = "sourcecode.swift"; path = "AttachmentPreviewBar.swift"; sourceTree = "<group>";};
		8E764AE14A3BFF9636E43F70 = {fileRef = "FEA7F4829FFA7B22F56CDD9C"; isa = "PBXBuildFile";};
		8EC28B8CFFBEF24A0DC46229 = {isa = "PBXFileReference"; lastKnownFileType = "sourcecode.swift"; path = "WaveformView.swift"; sourceTree = "<group>";};
		903E907A0DB4FE6081ACCCEF = {isa = "PBXFileReference"; lastKnownFileType = "sourcecode.swift"; path = "CameraVideoView.swift"; sourceTree = "<group>";};
		960AF1C0A24BDA27FC069037 = {isa = "PBXFileReference"; lastKnownFileType = "sourcecode.fonts"; path = "IBMPlexSansArabic-Regular.ttf"; sourceTree = "<group>";};
		98D527BFA3B2C0CA1F7712A7 = {isa = "PBXFileReference"; lastKnownFileType = "sourcecode.swift"; path = "AudioCapture.swift"; sourceTree = "<group>";};
		9B98275D594DB8D5AEA4EC01 = {isa = "PBXFileReference"; lastKnownFileType = "net.daringfireball.markdown"; path = "README.md"; sourceTree = "<group>";};
		9CDB5CF6A5E10FBCCABADCA9 = {isa = "PBXFileReference"; lastKnownFileType = "sourcecode.swift"; path = "UploadManager.swift"; sourceTree = "<group>";};
		9DC040AFDE582D46B2BB9581 = {isa = "PBXFileReference"; lastKnownFileType = "sourcecode.swift"; path = "WorkspaceComposerView.swift"; sourceTree = "<group>";};
		9E0DDC0FCE705B2BD9B61E75 = {isa = "PBXFileReference"; lastKnownFileType = "sourcecode.swift"; path = "BottomNavBar.swift"; sourceTree = "<group>";};
		9EBFA73F5CAA0DFA48C79098 = {isa = "PBXFileReference"; lastKnownFileType = "sourcecode.swift"; path = "VisualLevelModel.swift"; sourceTree = "<group>";};
		9EDDA2BC0B9AA545B6449D3E = {fileRef = "B9D6B5FBE1EBDF6F169D87B4"; isa = "PBXBuildFile";};
		A0A1ABF5D5DD0D55AB0C85E5 = {fileRef = "EA575D7BAC84B39AC31850BA"; isa = "PBXBuildFile";};
		A1ABAAB2FF1FE18A2CEB414B = {fileRef = "3622C2FFB9DE3FE2B9C6F3DF"; isa = "PBXBuildFile";};
		A1C067F6C4796DF8CBBC3DAA = {buildActionMask = 2147483647; files = ("17A7F5FAC9AEC2FCD70D40DF", "1EFFFB30E3FE17329AA2BFFC", "286A598E0EDF74A8F250A850", "5DAB6F2F6D1B8909FFC18BDE", "7CD073A3D79BE4C650A26FCD", "B9AAAF9CA6DAF9EF6EAB7D65", "CBBC6F16BDB3205BE7321FEC", "E422D2BE25DEECAA9DCCFD3F", "E57B3E2AA8CF4FFBDEEAEB8C", "E6AEEA9F3F8E2AB0D8C7EDE5", "ECF40AA4E8FDCC8C8CC349C0"); isa = "PBXSourcesBuildPhase"; runOnlyForDeploymentPostprocessing = 0;};
		A2A0EBD84E36D6DCFED0DEDE = {isa = "PBXFileReference"; lastKnownFileType = "sourcecode.swift"; path = "JARVISApp.swift"; sourceTree = "<group>";};
		A2ABF138F6CC6ECDEA3EDCFB = {isa = "PBXFileReference"; lastKnownFileType = "text.plist.xml"; path = "Info.plist"; sourceTree = "<group>";};
		A40CC8E103F3DD7EE8EEB24A = {fileRef = "F8A346CC79BCB194DC5EA8DB"; isa = "PBXBuildFile";};
		A5FFEDC6CB12E87CF2594DAD = {children = ("5BF08167F8A6FB769D3FBEDD", "7AB36DDDED9B89F17F2EACA2", "7FC5345F4E2CD6C26FA922AE", "EEC9CBFEA4AADB1FB4EC6B14", "F2D3927A4B0EDAE5D78BB0B7"); isa = "PBXGroup"; name = "JARVISTests"; path = "JARVISTests"; sourceTree = "<group>";};
		A6AFFEEA2BD20E0EFCBEA76E = {fileRef = "9DC040AFDE582D46B2BB9581"; isa = "PBXBuildFile";};
		A6EB9EED25BCE1F232444E51 = {fileRef = "FC05B7E5E4D24E4FC1D6BCD3"; isa = "PBXBuildFile";};
		A77D26DBDC2E9CC17ADDEB64 = {fileRef = "740BC5DB55D82EB8B87DBC07"; isa = "PBXBuildFile";};
		A89E9E8E5F79C906A8CD70A6 = {fileRef = "EFAB7A3330F0CAFBDD1FF34D"; isa = "PBXBuildFile";};
		A8EAEF5E2EF8FE7DDAAB9BBA = {isa = "PBXFileReference"; lastKnownFileType = "sourcecode.swift"; path = "DeliveriesView.swift"; sourceTree = "<group>";};
		A9EFF9FD59BB970F25FADFEF = {isa = "PBXFileReference"; lastKnownFileType = "sourcecode.swift"; path = "TasksView.swift"; sourceTree = "<group>";};
		AA02AE5276F41CD866330E2C = {fileRef = "0E3BB5AF5D04ECD3B1752EBB"; isa = "PBXBuildFile";};
		AAD972F2BFDC2BA36DB5F4B4 = {isa = "PBXFileReference"; lastKnownFileType = "sourcecode.swift"; path = "EventKitModels.swift"; sourceTree = "<group>";};
		ADAF66EA52AECA2ED5EC054C = {isa = "PBXFileReference"; lastKnownFileType = "sourcecode.swift"; path = "MockProviders.swift"; sourceTree = "<group>";};
		ADC11DE44E31C5FDFEFAFE8F = {isa = "PBXFileReference"; lastKnownFileType = "sourcecode.swift"; path = "ApprovalPolicyEvaluator.swift"; sourceTree = "<group>";};
		AE387D9D5D3DF2BFFF0ADDBE = {fileRef = "F2D3927A4B0EDAE5D78BB0B7"; isa = "PBXBuildFile";};
		AEDF8ACC89E9FA9C7A1D5A8F = {fileRef = "85EEADBBBB3BDAE4C7D3775D"; isa = "PBXBuildFile";};
		AFFDBBCBCA1DA7DD7A1FF2F0 = {fileRef = "DE652A96ED4D572E6BB61F33"; isa = "PBXBuildFile";};
		B153F23D466AAE2CB41C1BDF = {fileRef = "5CD8BA4430EDAC9DC9D1AFD4"; isa = "PBXBuildFile";};
		B26A9FAF73ACE94A2CBCA4BA = {buildConfigurationList = "E4FC89DCEDA7D8B7DAF2D8CB"; buildPhases = ("A1C067F6C4796DF8CBBC3DAA", "7FC5038DCBD2AABE3CCB4DA5", "1E58A27744D6CBADFDFEEE61"); buildRules = (); dependencies = ("1F0FA3D56EAD7BBC1C8B8ACD"); isa = "PBXNativeTarget"; name = "JARVISTests"; productName = "JARVISTests"; productReference = "0E6C29E8FA7C98CE387E696E"; productType = "com.apple.product-type.bundle.unit-test";};
		B2B6B297E02842FEAAA9C3B2 = {isa = "PBXFileReference"; lastKnownFileType = "sourcecode.swift"; path = "MemoryItem.swift"; sourceTree = "<group>";};
		B35E40ADBEF6CBDFB966E85D = {isa = "PBXFileReference"; lastKnownFileType = "sourcecode.swift"; path = "DeepLinkHandler.swift"; sourceTree = "<group>";};
		B67E5ED04BC3BDC86AF312E6 = {fileRef = "FCEDE3C0AEED8A59D549A6EC"; isa = "PBXBuildFile";};
		B9909BEF2B8CCDE7D6B1BEBF = {isa = "PBXFileReference"; lastKnownFileType = "sourcecode.swift"; path = "HomeViewModel.swift"; sourceTree = "<group>";};
		B9AAAF9CA6DAF9EF6EAB7D65 = {fileRef = "DE652A96ED4D572E6BB61F33"; isa = "PBXBuildFile";};
		B9D6B5FBE1EBDF6F169D87B4 = {isa = "PBXFileReference"; lastKnownFileType = "sourcecode.swift"; path = "Cards.swift"; sourceTree = "<group>";};
		BBDF2FBAA3EA2B9A49BD02DC = {isa = "PBXFileReference"; lastKnownFileType = "sourcecode.swift"; path = "LocationManager.swift"; sourceTree = "<group>";};
		BC79BBDBFEFEA8C954CA0DC3 = {fileRef = "A2A0EBD84E36D6DCFED0DEDE"; isa = "PBXBuildFile";};
		BE0C2DAEEC2AC7EA8DC4518C = {isa = "PBXFileReference"; lastKnownFileType = "sourcecode.swift"; path = "AdaptiveRootView.swift"; sourceTree = "<group>";};
		BE4B7B4A8B4EDADA2F6DBCAD = {children = ("3D32A11607BF1C900EDAEAB4", "FDD2A1ADB2AEACECA5BE899D"); isa = "PBXGroup"; name = "Resources"; path = "Resources"; sourceTree = "<group>";};
		C05440ECCD8818EF80277CFC = {children = ("27EDFA6096FEEA7A17BFBFEF", "A5FFEDC6CB12E87CF2594DAD", "EC4C38D54E69243A7BBF5679"); isa = "PBXGroup"; sourceTree = "<group>";};
		C0DF13CA3E024BD6FFD9BB1D = {buildSettings = {CODE_SIGN_STYLE = "Automatic"; CURRENT_PROJECT_VERSION = "1"; ENABLE_HARDENED_RUNTIME = "YES"; GENERATE_INFOPLIST_FILE = "YES"; INFOPLIST_KEY_NSCalendarsUsageDescription = "جارفس يحتاج التقويم لعرض مواعيدك."; INFOPLIST_KEY_NSMicrophoneUsageDescription = "جارفس يحتاج الميكروفون للمحادثة الصوتية."; INFOPLIST_KEY_NSRemindersUsageDescription = "جارفس يحتاج التذكيرات لعرض مهامك."; MACOSX_DEPLOYMENT_TARGET = "14.0"; MARKETING_VERSION = "0.1.0"; PRODUCT_BUNDLE_IDENTIFIER = "com.salemai.jarvis.mac"; PRODUCT_NAME = "JARVIS Mac"; SDKROOT = "macosx"; SWIFT_VERSION = "5.0";}; isa = "XCBuildConfiguration"; name = "Release";};
		C2741C57EE23E8FF7CE3BBC6 = {attributes = {LastUpgradeCheck = "1500";}; buildConfigurationList = "5FA160C7ADCE024FC7BF70CA"; compatibilityVersion = "Xcode 14.0"; developmentRegion = "en"; hasScannedForEncodings = 0; isa = "PBXProject"; knownRegions = ("en", "Base"); mainGroup = "C05440ECCD8818EF80277CFC"; productRefGroup = "EC4C38D54E69243A7BBF5679"; projectDirPath = ""; projectRoot = ""; targets = ("DAB6F8CFBFB28D4B6EFFF2F4", "8AB7DE640B9A89D9BD01BD56", "B26A9FAF73ACE94A2CBCA4BA", "EC5E1B780DC6A2BF4AF8C3A0");};
		C2FFF141FBA0022BA52C120F = {children = ("7B5FB64563B6D41EAFAFB7F0", "EDFDE717DCCEEECEE8E75890"); isa = "PBXGroup"; name = "macOS"; path = "macOS"; sourceTree = "<group>";};
		C45CBCA3B1B549E7BBF5FF7A = {fileRef = "4AFD3AA5E955FE7CBBFE0BDE"; isa = "PBXBuildFile";};
		C5D9BA6A9ECF4FCECFBCE4DC = {children = ("0AFB183CD6BAC78F753CAFBC", "1E3DCA23B47CB867E71AB14A", "4E61C7CD0F6CECCBBB2C50EE", "806D1AF94A2998AFE5D832D2", "98D527BFA3B2C0CA1F7712A7", "EA575D7BAC84B39AC31850BA"); isa = "PBXGroup"; name = "Voice"; path = "Voice"; sourceTree = "<group>";};
		C5FDFFFDFFEE77BCB99EE8AC = {fileRef = "ADC11DE44E31C5FDFEFAFE8F"; isa = "PBXBuildFile";};
		C8AB6BD90B86B7C57D1E5F0A = {fileRef = "903E907A0DB4FE6081ACCCEF"; isa = "PBXBuildFile";};
		CB7EDCDB3CB0559C62CF6FB5 = {fileRef = "7DEE93A28E4AC72EEEEA39DD"; isa = "PBXBuildFile";};
		CBBC6F16BDB3205BE7321FEC = {fileRef = "5BF08167F8A6FB769D3FBEDD"; isa = "PBXBuildFile";};
		CBC1D15C26F3BB0A7E7FDE4D = {fileRef = "D3E2CEB5CF2DF12DAFCEDBBE"; isa = "PBXBuildFile";};
		CBE879BFDCD4EB6FD9ACD8AB = {buildActionMask = 2147483647; files = ("11CE26CA7CC7F5D9BCAE9AF1", "46BFCDFB2A8D47FDAE5FE4CE", "57CFADAACD3AB82CDAC6F68D", "7D8CE2B3EF9671BC7D822BAF", "AA02AE5276F41CD866330E2C", "EF0AD8BB7B0320FC1DD6874D"); isa = "PBXResourcesBuildPhase"; runOnlyForDeploymentPostprocessing = 0;};
		CCC0A4A214A06C20DFFCEC38 = {fileRef = "689D7AFF9FDA3F384DECCF45"; isa = "PBXBuildFile";};
		CCC5BAA8332772B23F278E6F = {containerPortal = "C2741C57EE23E8FF7CE3BBC6"; isa = "PBXContainerItemProxy"; proxyType = 1; remoteGlobalIDString = "DAB6F8CFBFB28D4B6EFFF2F4"; remoteInfo = "JARVIS";};
		CCE5BC4597FBED6A9295C8EF = {fileRef = "F93EFD492BFF3FB7FD5B4BF3"; isa = "PBXBuildFile";};
		CD1FF6CFA10AB2EFA3EA4ACF = {children = ("71FBAB8AA0AFCBD1A3EA7B7F", "740BC5DB55D82EB8B87DBC07", "D353E4BAABD1F4DABB9AB8B6", "EFAB7A3330F0CAFBDD1FF34D"); isa = "PBXGroup"; name = "Auth"; path = "Auth"; sourceTree = "<group>";};
		CF4E3424EB25EFA16EE03DAB = {children = ("2ACEBDDEBFD7E59F680B98BD"); isa = "PBXGroup"; name = "State"; path = "State"; sourceTree = "<group>";};
		CFCA9C5CC09FFB6B0292787C = {buildSettings = {CODE_SIGN_STYLE = "Automatic"; CURRENT_PROJECT_VERSION = "1"; GENERATE_INFOPLIST_FILE = "YES"; MACOSX_DEPLOYMENT_TARGET = "14.0"; MARKETING_VERSION = "0.1.0"; PRODUCT_BUNDLE_IDENTIFIER = "com.salemai.jarvisTests.mac"; PRODUCT_NAME = "$(TARGET_NAME)"; SDKROOT = "macosx"; SWIFT_VERSION = "5.0";}; isa = "XCBuildConfiguration"; name = "Release";};
		D15D2DBF63DA4CEEBD2B0FFD = {fileRef = "E6288DC0B30BD748BCCDBF38"; isa = "PBXBuildFile";};
		D24555CDA6DED9ADB3F2111E = {fileRef = "98D527BFA3B2C0CA1F7712A7"; isa = "PBXBuildFile";};
		D31AE4CBEFECFBFF2B210734 = {children = ("5F94ADEBAEB379D2EE71F36E", "6946CDE03C8B48D924CEABBF"); isa = "PBXGroup"; name = "Assets"; path = "Assets"; sourceTree = "<group>";};
		D348EE72FDBE8A2C5B2D72B2 = {fileRef = "BE0C2DAEEC2AC7EA8DC4518C"; isa = "PBXBuildFile";};
		D353E4BAABD1F4DABB9AB8B6 = {isa = "PBXFileReference"; lastKnownFileType = "sourcecode.swift"; path = "EnrollmentManager.swift"; sourceTree = "<group>";};
		D3DBDF79B919B0C51E3DDFCC = {children = ("0FA559DC3274EEFD69E8C6B0"); isa = "PBXGroup"; name = "Diagnostics"; path = "Diagnostics"; sourceTree = "<group>";};
		D3E2CEB5CF2DF12DAFCEDBBE = {isa = "PBXFileReference"; lastKnownFileType = "sourcecode.swift"; path = "AppleEventKitProvider.swift"; sourceTree = "<group>";};
		D3F44B8D3C0DEAC74CDCC6AE = {isa = "PBXFileReference"; lastKnownFileType = "sourcecode.swift"; path = "CameraCaptureView.swift"; sourceTree = "<group>";};
		D46623BBFEDDCDA8CA5EF5FD = {fileRef = "E420DD7707172EFBCCAAF69B"; isa = "PBXBuildFile";};
		D7771ADFAEE585AF9D40AAAE = {fileRef = "4E61C7CD0F6CECCBBB2C50EE"; isa = "PBXBuildFile";};
		D7BD61BB2BFE5F4CD7A570FC = {isa = "PBXFileReference"; lastKnownFileType = "sourcecode.swift"; path = "AgentStore.swift"; sourceTree = "<group>";};
		D9D22D4BCA9BECCBC4FE53EB = {fileRef = "7B5FB64563B6D41EAFAFB7F0"; isa = "PBXBuildFile";};
		DAB6F8CFBFB28D4B6EFFF2F4 = {buildConfigurationList = "ECB07A0A8EE2A9D0F08CB1FE"; buildPhases = ("E7EFBCEAEAE756E31EC6269E", "FBE3BE1AB6E3E5D60F6EB8FF", "CBE879BFDCD4EB6FD9ACD8AB"); buildRules = (); dependencies = (); isa = "PBXNativeTarget"; name = "JARVIS"; productName = "JARVIS"; productReference = "FEF4CD1D72E4EAAF17A6AAC2"; productType = "com.apple.product-type.application";};
		DAF5489CEEDAB7D1FFACD1CE = {children = ("9CDB5CF6A5E10FBCCABADCA9"); isa = "PBXGroup"; name = "Upload"; path = "Upload"; sourceTree = "<group>";};
		DB582F1FCA1DFAE1DDE99298 = {fileRef = "FFCEAEF1C887AB1BE6E7EA4B"; isa = "PBXBuildFile";};
		DB8BDED0A674A71C9DC1DCB7 = {buildConfigurations = ("552C1E8FCC1B1EC2CD2E3FCD", "CFCA9C5CC09FFB6B0292787C"); defaultConfigurationIsVisible = 0; defaultConfigurationName = "Release"; isa = "XCConfigurationList";};
		DC788FB1B261E4A4DDDEC6DA = {isa = "PBXFileReference"; lastKnownFileType = "sourcecode.swift"; path = "HomeView.swift"; sourceTree = "<group>";};
		DDA1E7A2CBBECA0ACAE93F1C = {fileRef = "2CBA0D1BADE0C2D52D418C0B"; isa = "PBXBuildFile";};
		DDCE5BC0FFCDDCCBDCD3DD64 = {fileRef = "5BF08167F8A6FB769D3FBEDD"; isa = "PBXBuildFile";};
		DE652A96ED4D572E6BB61F33 = {isa = "PBXFileReference"; lastKnownFileType = "sourcecode.swift"; path = "MemorySeed.swift"; sourceTree = "<group>";};
		E13BF84B2BE8F24BA7442BEA = {children = ("4E2EEA553EB6AFB45EEE7B42", "ECBACBB599CB1512AE27AAEA"); isa = "PBXGroup"; name = "DesignSystem"; path = "DesignSystem"; sourceTree = "<group>";};
		E3EDED9AEACEDB44CF3AA3D0 = {children = ("2CBA0D1BADE0C2D52D418C0B", "43B1CFCDFF192B510DAAB97A", "4CABDEABD04E6DEDFC97A74E", "6C9CFA35C1AD3FC9EF4EF0CE", "8DCAD2CDD0013C17D9E82AD9", "9DC040AFDE582D46B2BB9581", "A8EAEF5E2EF8FE7DDAAB9BBA", "A9EFF9FD59BB970F25FADFEF", "E420DD7707172EFBCCAAF69B", "E4A20DB86DD1CE8C681CFABB"); isa = "PBXGroup"; name = "Workspace"; path = "Workspace"; sourceTree = "<group>";};
		E420DD7707172EFBCCAAF69B = {isa = "PBXFileReference"; lastKnownFileType = "sourcecode.swift"; path = "WorkspaceModels.swift"; sourceTree = "<group>";};
		E422D2BE25DEECAA9DCCFD3F = {fileRef = "1E3DCA23B47CB867E71AB14A"; isa = "PBXBuildFile";};
		E4A20DB86DD1CE8C681CFABB = {isa = "PBXFileReference"; lastKnownFileType = "sourcecode.swift"; path = "JarvisAPI.swift"; sourceTree = "<group>";};
		E4FC89DCEDA7D8B7DAF2D8CB = {buildConfigurations = ("5197BADF5E4AE340F95CDEE7", "5C6E2B4439E36A107CD6D8CF"); defaultConfigurationIsVisible = 0; defaultConfigurationName = "Release"; isa = "XCConfigurationList";};
		E57B3E2AA8CF4FFBDEEAEB8C = {fileRef = "EAC6C1B71303EB0A86EA2DE1"; isa = "PBXBuildFile";};
		E5DFD3FA2FF3F62C2E5FCA4A = {isa = "PBXFileReference"; lastKnownFileType = "sourcecode.swift"; path = "AgentOrbitModel.swift"; sourceTree = "<group>";};
		E6288DC0B30BD748BCCDBF38 = {isa = "PBXFileReference"; lastKnownFileType = "sourcecode.swift"; path = "HeaderView.swift"; sourceTree = "<group>";};
		E62ADAE914C60E73544EAA7A = {children = ("4AFD3AA5E955FE7CBBFE0BDE", "85EEADBBBB3BDAE4C7D3775D", "9E0DDC0FCE705B2BD9B61E75", "B9909BEF2B8CCDE7D6B1BEBF", "DC788FB1B261E4A4DDDEC6DA", "E6288DC0B30BD748BCCDBF38", "EA6457F387AAE76C2F08259A"); isa = "PBXGroup"; name = "Home"; path = "Home"; sourceTree = "<group>";};
		E6AEEA9F3F8E2AB0D8C7EDE5 = {fileRef = "7AB36DDDED9B89F17F2EACA2"; isa = "PBXBuildFile";};
		E7DDA785CC4BC78AD8C5D841 = {isa = "PBXFileReference"; lastKnownFileType = "sourcecode.swift"; path = "iPadLandscapeView.swift"; sourceTree = "<group>";};
		E7EFBCEAEAE756E31EC6269E = {buildActionMask = 2147483647; files = ("03B4ECC7EB2855C77B44E8B0", "03B788E553A8D0AF4BB7B808", "049257AF4A0AEDDCBE0DAFC6", "076B12938A5AC04D00CF5AED", "0C7EEB4ECFD36FD7CA0BACE4", "0E6DAE95EA3BDB77506C932F", "0ECC853FCCA2CF5BAF0DD5A7", "1B0DD49E7B22E494ABAECEE3", "1D3AC8F6B03B80BFECC90A60", "1F1DFABD65D15EE5FC8FB0AE", "2355BDEA102F7A309B2B6CF2", "2FD68FACA1F57BD418C59FCA", "306EEA323C4BEED1DAE3634C", "32CFE4D3BA36B319ECDCE08E", "3CAC09BB7E51753C9E70E7EC", "3E9E7ED56DDA7310EECD6D6D", "43C2C096888C4DF61C880BFB", "43FC8DDBD092AB23ECDDDEDC", "4734D76E20EA2CAEA67F62A7", "4CAB3A4BFAD91AD34D3FE43B", "5596972EA6EB2EF85B4C0A4F", "6D6AACCCF58FFD9FFE6CDDC6", "6DCA9D2C0F81C3BA2DA6C3CC", "6DF22DF31E23FCD03CEA498E", "74AD4ABE8D22AE25D56FF1CE", "7C2B82CEF4C5B2AEF8B97A70", "807FDF5DDB803DDBFCF3D220", "855B4E8ACA22A44E1811CAB8", "8659CFA532ECB36EEF4AAC2C", "8BF614B1EE75A1DC4EFDEEE1", "8BFEF3900A9C0E1DA122CF7A", "8C9A3CD629466AC58D66BCAC", "8E764AE14A3BFF9636E43F70", "9EDDA2BC0B9AA545B6449D3E", "A0A1ABF5D5DD0D55AB0C85E5", "A1ABAAB2FF1FE18A2CEB414B", "A40CC8E103F3DD7EE8EEB24A", "A6AFFEEA2BD20E0EFCBEA76E", "A6EB9EED25BCE1F232444E51", "A77D26DBDC2E9CC17ADDEB64", "A89E9E8E5F79C906A8CD70A6", "AEDF8ACC89E9FA9C7A1D5A8F", "AFFDBBCBCA1DA7DD7A1FF2F0", "B153F23D466AAE2CB41C1BDF", "B67E5ED04BC3BDC86AF312E6", "BC79BBDBFEFEA8C954CA0DC3", "C45CBCA3B1B549E7BBF5FF7A", "C5FDFFFDFFEE77BCB99EE8AC", "C8AB6BD90B86B7C57D1E5F0A", "CB7EDCDB3CB0559C62CF6FB5", "CBC1D15C26F3BB0A7E7FDE4D", "CCC0A4A214A06C20DFFCEC38", "CCE5BC4597FBED6A9295C8EF", "D15D2DBF63DA4CEEBD2B0FFD", "D24555CDA6DED9ADB3F2111E", "D348EE72FDBE8A2C5B2D72B2", "D46623BBFEDDCDA8CA5EF5FD", "D7771ADFAEE585AF9D40AAAE", "D9D22D4BCA9BECCBC4FE53EB", "DB582F1FCA1DFAE1DDE99298", "DDA1E7A2CBBECA0ACAE93F1C", "E8E8AEC73ED0C63C5C35FF09", "EA86DCE2DB6BD9BE3BBB5EA4", "EAAF560EC9AFB5DCC7ECBEAB", "EB7E5AA17AEFCBB08AA18B4A", "ECEA61DAC6451AB36FBE7D83", "EFAAFC22FE03D52F66DEEECE", "F14EDAD85EFC626AABD9906A", "F1794C850D409C0A50AE6E0A", "F1DF46FFBC7DA1F60B89E80B", "F2D50CB8940AF8B058ACEA46", "FCC9EB4F8B29248DA83154B0", "FCE927C84C0B2ABEFAC6D172"); isa = "PBXSourcesBuildPhase"; runOnlyForDeploymentPostprocessing = 0;};
		E8E8AEC73ED0C63C5C35FF09 = {fileRef = "B2B6B297E02842FEAAA9C3B2"; isa = "PBXBuildFile";};
		EA575D7BAC84B39AC31850BA = {isa = "PBXFileReference"; lastKnownFileType = "sourcecode.swift"; path = "SessionEventParser.swift"; sourceTree = "<group>";};
		EA6457F387AAE76C2F08259A = {isa = "PBXFileReference"; lastKnownFileType = "sourcecode.swift"; path = "VoiceInputBar.swift"; sourceTree = "<group>";};
		EA86DCE2DB6BD9BE3BBB5EA4 = {fileRef = "EFFFBFCCA7970AD3DF5BF01A"; isa = "PBXBuildFile";};
		EAAF560EC9AFB5DCC7ECBEAB = {fileRef = "2FC3D1DDD557E6CABAC9C959"; isa = "PBXBuildFile";};
		EAC6C1B71303EB0A86EA2DE1 = {isa = "PBXFileReference"; lastKnownFileType = "sourcecode.swift"; path = "MemoryRetrieval.swift"; sourceTree = "<group>";};
		EB7E5AA17AEFCBB08AA18B4A = {fileRef = "1E4D7CFA7A91DEED6379C4B3"; isa = "PBXBuildFile";};
		EC4C38D54E69243A7BBF5679 = {children = ("FEF4CD1D72E4EAAF17A6AAC2", "FC6B3F273AD437FD22B7725A", "0E6C29E8FA7C98CE387E696E", "749CCC3A73EC4BABCCD2CBD9"); isa = "PBXGroup"; name = "Products"; path = None; sourceTree = "<group>";};
		EC5E1B780DC6A2BF4AF8C3A0 = {buildConfigurationList = "DB8BDED0A674A71C9DC1DCB7"; buildPhases = ("FAFBF8BDDEBD1248F9AB47E1", "7FC5038DCBD2AABE3CCB4DA5", "1E58A27744D6CBADFDFEEE61"); buildRules = (); dependencies = (); isa = "PBXNativeTarget"; name = "JARVISTestsMac"; productName = "JARVISTestsMac"; productReference = "749CCC3A73EC4BABCCD2CBD9"; productType = "com.apple.product-type.bundle.unit-test";};
		ECB07A0A8EE2A9D0F08CB1FE = {buildConfigurations = ("FC7FFFDFE5DEFAEBBBD9B61B", "6B3CCAEDD036BC76B932B1A6"); defaultConfigurationIsVisible = 0; defaultConfigurationName = "Release"; isa = "XCConfigurationList";};
		ECBACBB599CB1512AE27AAEA = {isa = "PBXFileReference"; lastKnownFileType = "sourcecode.swift"; path = "JarvisIconResolver.swift"; sourceTree = "<group>";};
		ECEA61DAC6451AB36FBE7D83 = {fileRef = "ECBACBB599CB1512AE27AAEA"; isa = "PBXBuildFile";};
		ECF40AA4E8FDCC8C8CC349C0 = {fileRef = "F2D3927A4B0EDAE5D78BB0B7"; isa = "PBXBuildFile";};
		EDB1A636EC49FC2157D9B9AD = {buildSettings = {CLANG_ENABLE_MODULES = "YES"; IPHONEOS_DEPLOYMENT_TARGET = "17.0"; MACOSX_DEPLOYMENT_TARGET = "14.0"; SDKROOT = "macosx"; SWIFT_OPTIMIZATION_LEVEL = "-O";}; isa = "XCBuildConfiguration"; name = "Release";};
		EDFDE717DCCEEECEE8E75890 = {isa = "PBXFileReference"; lastKnownFileType = "sourcecode.swift"; path = "MacApp.swift"; sourceTree = "<group>";};
		EEC9CBFEA4AADB1FB4EC6B14 = {isa = "PBXFileReference"; lastKnownFileType = "sourcecode.swift"; path = "AgentRegistryTests.swift"; sourceTree = "<group>";};
		EF0AD8BB7B0320FC1DD6874D = {fileRef = "960AF1C0A24BDA27FC069037"; isa = "PBXBuildFile";};
		EFAAFC22FE03D52F66DEEECE = {fileRef = "D7BD61BB2BFE5F4CD7A570FC"; isa = "PBXBuildFile";};
		EFAB7A3330F0CAFBDD1FF34D = {isa = "PBXFileReference"; lastKnownFileType = "sourcecode.swift"; path = "JarvisConfig.swift"; sourceTree = "<group>";};
		EFFFBFCCA7970AD3DF5BF01A = {isa = "PBXFileReference"; lastKnownFileType = "sourcecode.swift"; path = "MockData.swift"; sourceTree = "<group>";};
		F0A46C3F4DCE32233FADDAAF = {children = ("BE0C2DAEEC2AC7EA8DC4518C", "E7DDA785CC4BC78AD8C5D841"); isa = "PBXGroup"; name = "iPad"; path = "iPad"; sourceTree = "<group>";};
		F14EDAD85EFC626AABD9906A = {fileRef = "0AFB183CD6BAC78F753CAFBC"; isa = "PBXBuildFile";};
		F1794C850D409C0A50AE6E0A = {fileRef = "806D1AF94A2998AFE5D832D2"; isa = "PBXBuildFile";};
		F1B80B2A9B9D9E829DF46CDC = {isa = "PBXFileReference"; lastKnownFileType = "sourcecode.swift"; path = "ContentView.swift"; sourceTree = "<group>";};
		F1DF46FFBC7DA1F60B89E80B = {fileRef = "DC788FB1B261E4A4DDDEC6DA"; isa = "PBXBuildFile";};
		F2D3927A4B0EDAE5D78BB0B7 = {isa = "PBXFileReference"; lastKnownFileType = "sourcecode.swift"; path = "MemoryTests.swift"; sourceTree = "<group>";};
		F2D50CB8940AF8B058ACEA46 = {fileRef = "A9EFF9FD59BB970F25FADFEF"; isa = "PBXBuildFile";};
		F72FB7BD6DE3C5DBBA914FAB = {buildSettings = {CLANG_ENABLE_MODULES = "YES"; IPHONEOS_DEPLOYMENT_TARGET = "17.0"; MACOSX_DEPLOYMENT_TARGET = "14.0"; SDKROOT = "macosx"; SWIFT_ACTIVE_COMPILATION_CONDITIONS = "DEBUG"; SWIFT_OPTIMIZATION_LEVEL = "-Onone";}; isa = "XCBuildConfiguration"; name = "Debug";};
		F8A346CC79BCB194DC5EA8DB = {isa = "PBXFileReference"; lastKnownFileType = "sourcecode.swift"; path = "JarvisOrbitView.swift"; sourceTree = "<group>";};
		F93EFD492BFF3FB7FD5B4BF3 = {isa = "PBXFileReference"; lastKnownFileType = "sourcecode.swift"; path = "AppDelegate.swift"; sourceTree = "<group>";};
		FAFBF8BDDEBD1248F9AB47E1 = {buildActionMask = 2147483647; files = ("286A598E0EDF74A8F250A850", "5DAB6F2F6D1B8909FFC18BDE", "7CD073A3D79BE4C650A26FCD", "AE387D9D5D3DF2BFFF0ADDBE", "B9AAAF9CA6DAF9EF6EAB7D65", "DDCE5BC0FFCDDCCBDCD3DD64", "E422D2BE25DEECAA9DCCFD3F", "E57B3E2AA8CF4FFBDEEAEB8C"); isa = "PBXSourcesBuildPhase"; runOnlyForDeploymentPostprocessing = 0;};
		FBE3BE1AB6E3E5D60F6EB8FF = {buildActionMask = 2147483647; files = (); isa = "PBXFrameworksBuildPhase"; runOnlyForDeploymentPostprocessing = 0;};
		FC05B7E5E4D24E4FC1D6BCD3 = {isa = "PBXFileReference"; lastKnownFileType = "sourcecode.swift"; path = "JarvisHeroView.swift"; sourceTree = "<group>";};
		FC36C87B335A7DA0F99634BE = {buildConfigurations = ("1BA9EEE54D3EBB5D1DFF216C", "C0DF13CA3E024BD6FFD9BB1D"); defaultConfigurationIsVisible = 0; defaultConfigurationName = "Release"; isa = "XCConfigurationList";};
		FC6B3F273AD437FD22B7725A = {explicitFileType = "wrapper.application"; includeInIndex = 0; isa = "PBXFileReference"; path = "JARVIS Mac.app"; sourceTree = "BUILT_PRODUCTS_DIR";};
		FC7FFFDFE5DEFAEBBBD9B61B = {buildSettings = {ASSETCATALOG_COMPILER_APPICON_NAME = "AppIcon"; CODE_SIGN_STYLE = "Automatic"; CURRENT_PROJECT_VERSION = "1"; GENERATE_INFOPLIST_FILE = "NO"; INFOPLIST_FILE = "JARVIS/Info.plist"; IPHONEOS_DEPLOYMENT_TARGET = "17.0"; LD_RUNPATH_SEARCH_PATHS = "$(inherited) @executable_path/Frameworks"; MARKETING_VERSION = "0.1.0"; PRODUCT_BUNDLE_IDENTIFIER = "com.salemai.jarvis"; PRODUCT_NAME = "$(TARGET_NAME)"; SDKROOT = "iphoneos"; SWIFT_VERSION = "5.0"; TARGETED_DEVICE_FAMILY = "1,2";}; isa = "XCBuildConfiguration"; name = "Debug";};
		FCC9EB4F8B29248DA83154B0 = {fileRef = "ADAF66EA52AECA2ED5EC054C"; isa = "PBXBuildFile";};
		FCE927C84C0B2ABEFAC6D172 = {fileRef = "BBDF2FBAA3EA2B9A49BD02DC"; isa = "PBXBuildFile";};
		FCEDE3C0AEED8A59D549A6EC = {isa = "PBXFileReference"; lastKnownFileType = "sourcecode.swift"; path = "CalendarTools.swift"; sourceTree = "<group>";};
		FDD2A1ADB2AEACECA5BE899D = {isa = "PBXFileReference"; lastKnownFileType = "text.json"; path = "AGENT-REGISTRY.json"; sourceTree = "<group>";};
		FEA7F4829FFA7B22F56CDD9C = {isa = "PBXFileReference"; lastKnownFileType = "sourcecode.swift"; path = "LaunchTiming.swift"; sourceTree = "<group>";};
		FEF4CD1D72E4EAAF17A6AAC2 = {explicitFileType = "wrapper.application"; includeInIndex = 0; isa = "PBXFileReference"; path = "JARVIS.app"; sourceTree = "BUILT_PRODUCTS_DIR";};
		FF3CABBAD256D3C4CE72F217 = {children = ("1FEA2132200FDF272B31DE9E", "3622C2FFB9DE3FE2B9C6F3DF", "AAD972F2BFDC2BA36DB5F4B4", "D3E2CEB5CF2DF12DAFCEDBBE", "FCEDE3C0AEED8A59D549A6EC"); isa = "PBXGroup"; name = "Integrations"; path = "Integrations"; sourceTree = "<group>";};
		FFCEAEF1C887AB1BE6E7EA4B = {isa = "PBXFileReference"; lastKnownFileType = "sourcecode.swift"; path = "MemoryStore.swift"; sourceTree = "<group>";};
	};
	rootObject = C2741C57EE23E8FF7CE3BBC6;
}
