// !$*UTF8*$!
{
	archiveVersion = 1;
	classes = {};
	objectVersion = 56;
	objects = {
		071AEC04E38F8FDD95CFABC8 = {children = ("1FD801A83908DE5B2B1AAD6D"); isa = "PBXGroup"; name = "Providers"; path = "Providers"; sourceTree = "<group>";};
		0A2EB0ABCA123B9302CBA0D9 = {fileRef = "2AC5EFDEE4A8967FC4BB5E74"; isa = "PBXBuildFile";};
		0B2930F46CF1D52CA60BEACC = {fileRef = "E1E8103AFA2FD5E063B8DB0C"; isa = "PBXBuildFile";};
		0B8A1A4EBB96CD1C4EE7EBF7 = {children = ("3AAF2CB0EA4D8FFFB3FDDCF2", "4CB01ED6BDECFEDBAA01BEAE", "EE6D220DCDDBCC03ED20F19F"); isa = "PBXGroup"; name = "Fonts"; path = "Fonts"; sourceTree = "<group>";};
		0CD143BA52C26DDFED537F3D = {isa = "PBXFileReference"; lastKnownFileType = "sourcecode.swift"; path = "AppleEventKitProvider.swift"; sourceTree = "<group>";};
		0EC8255D1BECD6EF9876A1DD = {fileRef = "EB75A139C5AAEFB6F6F0BE75"; isa = "PBXBuildFile";};
		0F295AAFF65F9EBAD3346339 = {isa = "PBXFileReference"; lastKnownFileType = "sourcecode.swift"; path = "MacHomeView.swift"; sourceTree = "<group>";};
		107D16A4BCEC9DABAA2FD143 = {children = ("4A5BE915E6FBBABA028FAFB8", "58BCB00A4ED87F7ECE365F54", "698D4B2FEC42C42EBFCABEFE", "6D3BBECEFCDC428CAD7C2ACD", "CF33D364D40E6CC8AF2F0E09", "E1E8103AFA2FD5E063B8DB0C", "F76ABAE8D13350B83F10CFEF"); isa = "PBXGroup"; name = "Home"; path = "Home"; sourceTree = "<group>";};
		15D3864AFC0C8BD67FCDD053 = {fileRef = "3AAF2CB0EA4D8FFFB3FDDCF2"; isa = "PBXBuildFile";};
		1ADE17CF4EAF54F802ABFD1E = {explicitFileType = "wrapper.cfbundle"; includeInIndex = 0; isa = "PBXFileReference"; path = "JARVISTestsMac.xctest"; sourceTree = "BUILT_PRODUCTS_DIR";};
		1F5BEFFF05EF52F3EBDC5FF5 = {buildActionMask = 2147483647; files = (); isa = "PBXResourcesBuildPhase"; runOnlyForDeploymentPostprocessing = 0;};
		1FD801A83908DE5B2B1AAD6D = {isa = "PBXFileReference"; lastKnownFileType = "sourcecode.swift"; path = "ApprovalPolicyEvaluator.swift"; sourceTree = "<group>";};
		215D7B5D7CFCD61C27E661B9 = {fileRef = "ECED3D05EC5C2CEA8EAE57A3"; isa = "PBXBuildFile";};
		21BAFEB5FA885E04231AB2FA = {fileRef = "BCD489D24CFB298E51514CBC"; isa = "PBXBuildFile";};
		22CD4FFDEBEA7C29A47AFACD = {fileRef = "FA2DDDFF8BEE4DC367591ED0"; isa = "PBXBuildFile";};
		24F05AFCE8DFCE4CE72CBEC8 = {isa = "PBXFileReference"; lastKnownFileType = "sourcecode.swift"; path = "ContentView.swift"; sourceTree = "<group>";};
		252B43AC1BC1D5BAB5A8DBF6 = {isa = "PBXFileReference"; lastKnownFileType = "sourcecode.swift"; path = "Cards.swift"; sourceTree = "<group>";};
		259F3DE6F8AC2C3CFCB1FE19 = {fileRef = "49723F1D6BC2DBF8DC9783DA"; isa = "PBXBuildFile";};
		2AC5EFDEE4A8967FC4BB5E74 = {isa = "PBXFileReference"; lastKnownFileType = "sourcecode.swift"; path = "AgentOrbitModel.swift"; sourceTree = "<group>";};
		2BBB2BE6F32F9BDB81CEBEBF = {isa = "PBXFileReference"; lastKnownFileType = "sourcecode.swift"; path = "MemoryStore.swift"; sourceTree = "<group>";};
		2C5DFEE4FBA7494F59EC5B6E = {fileRef = "8AC0CA04DE06FE5E134C3DDC"; isa = "PBXBuildFile";};
		321CB02F101F41ED3D0D7362 = {isa = "PBXFileReference"; lastKnownFileType = "sourcecode.swift"; path = "AgentRegistry.swift"; sourceTree = "<group>";};
		33D9EB8CD8F1DEEFAFF43AAE = {buildActionMask = 2147483647; files = ("0EC8255D1BECD6EF9876A1DD", "259F3DE6F8AC2C3CFCB1FE19", "2C5DFEE4FBA7494F59EC5B6E", "4C199462C7F6F892E322A108", "4C6F3C72E036BEE0CB28BFA1", "4EFABE45F0C8FD8003AB43BB", "4FD12FBDBA0E5F3A1A4AE544", "8D8FC9F62DAEA08CCCDE061C", "92EF291F0CC01FAD7A6AF9BE", "BE83C1D3A7C557AB91D3ACDA", "F81D9ACA0FE5A808FD6BDB1B"); isa = "PBXSourcesBuildPhase"; runOnlyForDeploymentPostprocessing = 0;};
		345B5AA4AAFFABFFD4EE48CD = {isa = "PBXFileReference"; lastKnownFileType = "sourcecode.swift"; path = "VoiceSession.swift"; sourceTree = "<group>";};
		373DEB2D29CEC0ABBD8C8FA6 = {fileRef = "9DC99B3AA345DFFFA82014D6"; isa = "PBXBuildFile";};
		37E5FEDFD8EC7D2AF0CEAAAF = {fileRef = "EE5DBAAD3EEC0CEBF3BFAEF0"; isa = "PBXBuildFile";};
		39F99CFFBC15E44EE2AE4FF2 = {buildActionMask = 2147483647; files = ("0EC8255D1BECD6EF9876A1DD", "2C5DFEE4FBA7494F59EC5B6E", "4C199462C7F6F892E322A108", "4D6A05C14DDCA90DFE7D9C64", "4EFABE45F0C8FD8003AB43BB", "4FD12FBDBA0E5F3A1A4AE544", "8D8FC9F62DAEA08CCCDE061C", "FBB6EB8F5D745E1494D46234"); isa = "PBXSourcesBuildPhase"; runOnlyForDeploymentPostprocessing = 0;};
		3AAF2CB0EA4D8FFFB3FDDCF2 = {isa = "PBXFileReference"; lastKnownFileType = "sourcecode.fonts"; path = "IBMPlexSansArabic-Regular.ttf"; sourceTree = "<group>";};
		3D151976DC4383D6E1EB03DB = {isa = "PBXFileReference"; lastKnownFileType = "text.json"; path = "AGENT-REGISTRY.json"; sourceTree = "<group>";};
		3DDB60B89A89F08FFE7AC544 = {containerPortal = "BF63EAB7AD2AAB794EF8A9EA"; isa = "PBXContainerItemProxy"; proxyType = 1; remoteGlobalIDString = "FCEBD5D2F7B3FBE1CDB17FAA"; remoteInfo = "JARVIS";};
		430899D2FB9ABD4AA79997C3 = {fileRef = "BF94A5B4CD4AB240249B9BC9"; isa = "PBXBuildFile";};
		49723F1D6BC2DBF8DC9783DA = {isa = "PBXFileReference"; lastKnownFileType = "sourcecode.swift"; path = "SessionGuardTests.swift"; sourceTree = "<group>";};
		4A5BE915E6FBBABA028FAFB8 = {isa = "PBXFileReference"; lastKnownFileType = "sourcecode.swift"; path = "VoiceInputBar.swift"; sourceTree = "<group>";};
		4A80EBDBB5C43B7F193BDDF9 = {children = ("252B43AC1BC1D5BAB5A8DBF6"); isa = "PBXGroup"; name = "Cards"; path = "Cards"; sourceTree = "<group>";};
		4C199462C7F6F892E322A108 = {fileRef = "ACCD6FCBC93E5DB32285AB0F"; isa = "PBXBuildFile";};
		4C6F3C72E036BEE0CB28BFA1 = {fileRef = "6EC03C90A81CADEB2B2F6AE0"; isa = "PBXBuildFile";};
		4CB01ED6BDECFEDBAA01BEAE = {isa = "PBXFileReference"; lastKnownFileType = "sourcecode.fonts"; path = "IBMPlexSansArabic-Bold.ttf"; sourceTree = "<group>";};
		4D6A05C14DDCA90DFE7D9C64 = {fileRef = "49723F1D6BC2DBF8DC9783DA"; isa = "PBXBuildFile";};
		4EFABE45F0C8FD8003AB43BB = {fileRef = "F4F5F63FA97CECAB9EA7DE1C"; isa = "PBXBuildFile";};
		4FD12FBDBA0E5F3A1A4AE544 = {fileRef = "2BBB2BE6F32F9BDB81CEBEBF"; isa = "PBXBuildFile";};
		50ECCC54C87D43A5575D38B8 = {isa = "PBXFileReference"; lastKnownFileType = "sourcecode.swift"; path = "AgentStore.swift"; sourceTree = "<group>";};
		56BEEB5FDC3AADFCA28DC1DD = {children = ("945FD6B1E1FA4DD2CE3489B5", "107D16A4BCEC9DABAA2FD143", "E39D0FDDFD4AB3FAAC20ACFF", "4A80EBDBB5C43B7F193BDDF9", "8E5C862CEA3641BFAA96C548", "B3DBAB68DCFBEBDAFD8402DF", "D6FB02017FC8B0E656ABBEB7", "071AEC04E38F8FDD95CFABC8", "9F5FFA1CDB1678A0EFD9ED73", "8CCADEAF83664C8E7EB0C7FA", "62F901FDCE7E048F577AC31F", "DFEBDF2CC21FD80BC03FBC91", "922FAC0B2CFD88CB54DFCCBB", "F8F86920C3191704C9BAE50B", "FAB5F0F804DCD1EDBC9AAB6F", "5F05CC6DD071EEA6D855B1AE", "DB85277CDBFD4D9BFAC6DAC3", "F3AB2F8FF559DFB1F1B9E7FE"); isa = "PBXGroup"; name = "JARVIS"; path = "JARVIS"; sourceTree = "<group>";};
		58BCB00A4ED87F7ECE365F54 = {isa = "PBXFileReference"; lastKnownFileType = "sourcecode.swift"; path = "HeaderView.swift"; sourceTree = "<group>";};
		5A537CBAD9509BAFCE76FBD0 = {fileRef = "4A5BE915E6FBBABA028FAFB8"; isa = "PBXBuildFile";};
		5C3DF7D0E13F1A76DEE64E2A = {isa = "PBXFileReference"; lastKnownFileType = "sourcecode.swift"; path = "MockData.swift"; sourceTree = "<group>";};
		5D3DA99CBFFCAC60E9EDC1B5 = {isa = "PBXFileReference"; lastKnownFileType = "sourcecode.swift"; path = "JarvisState.swift"; sourceTree = "<group>";};
		5E458DBD633572CF9E1E11DA = {fileRef = "6D3BBECEFCDC428CAD7C2ACD"; isa = "PBXBuildFile";};
		5F05CC6DD071EEA6D855B1AE = {children = ("0B8A1A4EBB96CD1C4EE7EBF7", "F582ACA2FF1BC1263A5F86BA"); isa = "PBXGroup"; name = "Assets"; path = "Assets"; sourceTree = "<group>";};
		61A46AC4AEEE0695DDF0A4E7 = {isa = "PBXFileReference"; lastKnownFileType = "sourcecode.swift"; path = "JarvisHeroView.swift"; sourceTree = "<group>";};
		61DB0CCEEF6671752B9A1752 = {buildSettings = {CODE_SIGN_STYLE = "Automatic"; CURRENT_PROJECT_VERSION = "1"; ENABLE_HARDENED_RUNTIME = "YES"; GENERATE_INFOPLIST_FILE = "YES"; INFOPLIST_KEY_NSCalendarsUsageDescription = "جارفس يحتاج التقويم لعرض مواعيدك."; INFOPLIST_KEY_NSMicrophoneUsageDescription = "جارفس يحتاج الميكروفون للمحادثة الصوتية."; INFOPLIST_KEY_NSRemindersUsageDescription = "جارفس يحتاج التذكيرات لعرض مهامك."; MACOSX_DEPLOYMENT_TARGET = "14.0"; MARKETING_VERSION = "0.1.0"; PRODUCT_BUNDLE_IDENTIFIER = "com.salemai.jarvis.mac"; PRODUCT_NAME = "JARVIS Mac"; SDKROOT = "macosx"; SWIFT_VERSION = "5.0";}; isa = "XCBuildConfiguration"; name = "Release";};
		62F901FDCE7E048F577AC31F = {children = ("0F295AAFF65F9EBAD3346339", "FA2DDDFF8BEE4DC367591ED0"); isa = "PBXGroup"; name = "macOS"; path = "macOS"; sourceTree = "<group>";};
		6760C2E2B0AAEEF7FAFFBF19 = {isa = "PBXFileReference"; lastKnownFileType = "sourcecode.swift"; path = "AdaptiveRootView.swift"; sourceTree = "<group>";};
		68ABC64E0BCC5AD53DB05165 = {fileRef = "8B0D84FC7D1DADF4839E4C9B"; isa = "PBXBuildFile";};
		698D4B2FEC42C42EBFCABEFE = {isa = "PBXFileReference"; lastKnownFileType = "sourcecode.swift"; path = "QuickCommand.swift"; sourceTree = "<group>";};
		698D88F2AEEE8AFAA1FAAB80 = {isa = "PBXFileReference"; lastKnownFileType = "sourcecode.swift"; path = "VoiceAudioEngine.swift"; sourceTree = "<group>";};
		6D3BBECEFCDC428CAD7C2ACD = {isa = "PBXFileReference"; lastKnownFileType = "sourcecode.swift"; path = "BottomNavBar.swift"; sourceTree = "<group>";};
		6D4E1CDAADDBCBDC0A2EBCF0 = {isa = "PBXFileReference"; lastKnownFileType = "sourcecode.swift"; path = "HomeViewModelTests.swift"; sourceTree = "<group>";};
		6EC03C90A81CADEB2B2F6AE0 = {isa = "PBXFileReference"; lastKnownFileType = "sourcecode.swift"; path = "MemoryTests.swift"; sourceTree = "<group>";};
		6F610B8570A8949E9F75BE05 = {fileRef = "B0EAA4FE468D8039DE0F1C7E"; isa = "PBXBuildFile";};
		6FAA8B2A19E5A88BE8DCDECF = {fileRef = "1FD801A83908DE5B2B1AAD6D"; isa = "PBXBuildFile";};
		6FEE8FA058B358BCDEFE6E4D = {fileRef = "D19E13C3B0BBFD6CA90B87D5"; isa = "PBXBuildFile";};
		78DC20193E0C0EBDBBFADA8E = {fileRef = "EB75A139C5AAEFB6F6F0BE75"; isa = "PBXBuildFile";};
		7AB8A670DCC08B1BBDBCD6B5 = {buildSettings = {BUNDLE_LOADER = "$(TEST_HOST)"; CODE_SIGN_STYLE = "Automatic"; CURRENT_PROJECT_VERSION = "1"; GENERATE_INFOPLIST_FILE = "YES"; IPHONEOS_DEPLOYMENT_TARGET = "17.0"; MARKETING_VERSION = "0.1.0"; PRODUCT_BUNDLE_IDENTIFIER = "com.salemai.jarvisTests"; PRODUCT_NAME = "$(TARGET_NAME)"; SDKROOT = "iphoneos"; SWIFT_VERSION = "5.0"; TARGETED_DEVICE_FAMILY = "1,2"; TEST_HOST = "$(BUILT_PRODUCTS_DIR)/JARVIS.app/JARVIS";}; isa = "XCBuildConfiguration"; name = "Release";};
		7CCC9B9D5CFAC8D3C38ABD3C = {fileRef = "F95ED3EED0DADB1F3E551A58"; isa = "PBXBuildFile";};
		7E8AD7104E86AB0C2AFDB349 = {isa = "PBXTargetDependency"; target = "FCEBD5D2F7B3FBE1CDB17FAA"; targetProxy = "3DDB60B89A89F08FFE7AC544";};
		7ED54ABFA0C78CEEC0EDB149 = {fileRef = "698D4B2FEC42C42EBFCABEFE"; isa = "PBXBuildFile";};
		8AC0CA04DE06FE5E134C3DDC = {isa = "PBXFileReference"; lastKnownFileType = "sourcecode.swift"; path = "MemoryRetrieval.swift"; sourceTree = "<group>";};
		8B0D84FC7D1DADF4839E4C9B = {isa = "PBXFileReference"; lastKnownFileType = "sourcecode.swift"; path = "JarvisIconResolver.swift"; sourceTree = "<group>";};
		8CCADEAF83664C8E7EB0C7FA = {children = ("6760C2E2B0AAEEF7FAFFBF19", "B0EAA4FE468D8039DE0F1C7E"); isa = "PBXGroup"; name = "iPad"; path = "iPad"; sourceTree = "<group>";};
		8D8FC9F62DAEA08CCCDE061C = {fileRef = "EC47FACB4BCD9AB0DD4EEDDF"; isa = "PBXBuildFile";};
		8E5C862CEA3641BFAA96C548 = {children = ("5D3DA99CBFFCAC60E9EDC1B5"); isa = "PBXGroup"; name = "State"; path = "State"; sourceTree = "<group>";};
		8F36EA001A0B7BFAD8EFB9F4 = {fileRef = "61A46AC4AEEE0695DDF0A4E7"; isa = "PBXBuildFile";};
		922FAC0B2CFD88CB54DFCCBB = {children = ("0CD143BA52C26DDFED537F3D", "C9CFCC3ABBAFA0F38B92BBD9", "DB4EFE0C2B4D082DBBE14CFB", "EE5DBAAD3EEC0CEBF3BFAEF0", "FFCFA3EAE2BAE0B82BFC1000"); isa = "PBXGroup"; name = "Integrations"; path = "Integrations"; sourceTree = "<group>";};
		92EF291F0CC01FAD7A6AF9BE = {fileRef = "E7E5C421EECEDA65DB3B01E9"; isa = "PBXBuildFile";};
		945FD6B1E1FA4DD2CE3489B5 = {children = ("24F05AFCE8DFCE4CE72CBEC8", "F95ED3EED0DADB1F3E551A58"); isa = "PBXGroup"; name = "App"; path = "App"; sourceTree = "<group>";};
		9536A3B45C76AE402AFD5560 = {buildConfigurationList = "FA40CEA49F98EBAAB5CEC23E"; buildPhases = ("33D9EB8CD8F1DEEFAFF43AAE", "B325E2BF1B4DB3BFCA7B1D0E", "1F5BEFFF05EF52F3EBDC5FF5"); buildRules = (); dependencies = ("7E8AD7104E86AB0C2AFDB349"); isa = "PBXNativeTarget"; name = "JARVISTests"; productName = "JARVISTests"; productReference = "DB72A006C71640407BFF8F2A"; productType = "com.apple.product-type.bundle.unit-test";};
		9551EBDD30C668EAAA3DB43E = {fileRef = "A2F7F1B0BCCF461C7FA4FFE6"; isa = "PBXBuildFile";};
		956F6D881B8C7CE2F4EDA527 = {explicitFileType = "wrapper.application"; includeInIndex = 0; isa = "PBXFileReference"; path = "JARVIS Mac.app"; sourceTree = "BUILT_PRODUCTS_DIR";};
		9853CF9B044CCE95D4B8DBB8 = {fileRef = "EE6D220DCDDBCC03ED20F19F"; isa = "PBXBuildFile";};
		9A624C7AAAF0AD4C7E894B11 = {isa = "PBXFileReference"; lastKnownFileType = "text.json"; path = "DESIGN-TOKENS.json"; sourceTree = "<group>";};
		9CA1D7ABEBA6A7854633CB2F = {fileRef = "252B43AC1BC1D5BAB5A8DBF6"; isa = "PBXBuildFile";};
		9D335FEDF63FBCB9A1CCDD8B = {isa = "PBXFileReference"; lastKnownFileType = "sourcecode.swift"; path = "AudioCapture.swift"; sourceTree = "<group>";};
		9DC99B3AA345DFFFA82014D6 = {isa = "PBXFileReference"; lastKnownFileType = "sourcecode.swift"; path = "ApprovalCardView.swift"; sourceTree = "<group>";};
		9F5FFA1CDB1678A0EFD9ED73 = {children = ("5C3DF7D0E13F1A76DEE64E2A", "A2C5FF5788FA2E00EF7FAFEC"); isa = "PBXGroup"; name = "Mocks"; path = "Mocks"; sourceTree = "<group>";};
		9FAA038AD2931E7C36DD93DE = {buildConfigurations = ("DED6FFE94FA70BEDEFD1EE2A", "EEAF036B3D9AED69DE75FFF7"); defaultConfigurationIsVisible = 0; defaultConfigurationName = "Release"; isa = "XCConfigurationList";};
		A1CD9C0BC0B5DF1680DAD2E9 = {fileRef = "CF33D364D40E6CC8AF2F0E09"; isa = "PBXBuildFile";};
		A2C5FF5788FA2E00EF7FAFEC = {isa = "PBXFileReference"; lastKnownFileType = "sourcecode.swift"; path = "MockProviders.swift"; sourceTree = "<group>";};
		A2F7F1B0BCCF461C7FA4FFE6 = {isa = "PBXFileReference"; lastKnownFileType = "sourcecode.swift"; path = "PreflightDiagnostics.swift"; sourceTree = "<group>";};
		A3E66E96BD5F54F3EA6005CB = {buildConfigurations = ("EB8AD2BBEBBD368C85AEBBDC", "FDF3F6BCAC5E1BAF96C9B1B1"); defaultConfigurationIsVisible = 0; defaultConfigurationName = "Release"; isa = "XCConfigurationList";};
		A58CCC85C60250EF8BABA3C2 = {fileRef = "4CB01ED6BDECFEDBAA01BEAE"; isa = "PBXBuildFile";};
		AAED4EC8AFCBFFC2CDEB3B50 = {isa = "PBXFileReference"; lastKnownFileType = "sourcecode.swift"; path = "JarvisCoreView.swift"; sourceTree = "<group>";};
		AC0381C842BFD16534AFC9F6 = {fileRef = "9D335FEDF63FBCB9A1CCDD8B"; isa = "PBXBuildFile";};
		AC088CD4ACD8EFAEFFFEACDC = {buildConfigurations = ("DDE33A0CE92FEAAE7EC5FAAE", "BBA66D667120EF9C9D37089A"); defaultConfigurationIsVisible = 0; defaultConfigurationName = "Release"; isa = "XCConfigurationList";};
		AC0AFCD64A134EAFDAC23B60 = {isa = "PBXFileReference"; lastKnownFileType = "sourcecode.swift"; path = "AgentRegistryTests.swift"; sourceTree = "<group>";};
		AC4EFF83FADEE0C05FED3EF3 = {fileRef = "58BCB00A4ED87F7ECE365F54"; isa = "PBXBuildFile";};
		ACCD6FCBC93E5DB32285AB0F = {isa = "PBXFileReference"; lastKnownFileType = "sourcecode.swift"; path = "SessionEventParser.swift"; sourceTree = "<group>";};
		AD7D5B50A24ED0EACA37351A = {fileRef = "A2C5FF5788FA2E00EF7FAFEC"; isa = "PBXBuildFile";};
		B0D5ADEDDBE19501E7CAEC8B = {fileRef = "DB4EFE0C2B4D082DBBE14CFB"; isa = "PBXBuildFile";};
		B0EAA4FE468D8039DE0F1C7E = {isa = "PBXFileReference"; lastKnownFileType = "sourcecode.swift"; path = "iPadLandscapeView.swift"; sourceTree = "<group>";};
		B0F6EF3D5DA48FFC38B8CA3B = {explicitFileType = "wrapper.application"; includeInIndex = 0; isa = "PBXFileReference"; path = "JARVIS.app"; sourceTree = "BUILT_PRODUCTS_DIR";};
		B0FABE7426619C7CD08E3037 = {buildSettings = {BUNDLE_LOADER = "$(TEST_HOST)"; CODE_SIGN_STYLE = "Automatic"; CURRENT_PROJECT_VERSION = "1"; GENERATE_INFOPLIST_FILE = "YES"; IPHONEOS_DEPLOYMENT_TARGET = "17.0"; MARKETING_VERSION = "0.1.0"; PRODUCT_BUNDLE_IDENTIFIER = "com.salemai.jarvisTests"; PRODUCT_NAME = "$(TARGET_NAME)"; SDKROOT = "iphoneos"; SWIFT_VERSION = "5.0"; TARGETED_DEVICE_FAMILY = "1,2"; TEST_HOST = "$(BUILT_PRODUCTS_DIR)/JARVIS.app/JARVIS";}; isa = "XCBuildConfiguration"; name = "Debug";};
		B325E2BF1B4DB3BFCA7B1D0E = {buildActionMask = 2147483647; files = (); isa = "PBXFrameworksBuildPhase"; runOnlyForDeploymentPostprocessing = 0;};
		B3DBAB68DCFBEBDAFD8402DF = {children = ("321CB02F101F41ED3D0D7362", "50ECCC54C87D43A5575D38B8"); isa = "PBXGroup"; name = "Agents"; path = "Agents"; sourceTree = "<group>";};
		B54F1D25FA4FDCC5CEAF5F6F = {fileRef = "2BBB2BE6F32F9BDB81CEBEBF"; isa = "PBXBuildFile";};
		B8EAC43B57D5D6D64606FC47 = {fileRef = "0CD143BA52C26DDFED537F3D"; isa = "PBXBuildFile";};
		B9EB53950E44C8FBBA43E20F = {fileRef = "5C3DF7D0E13F1A76DEE64E2A"; isa = "PBXBuildFile";};
		BBA66D667120EF9C9D37089A = {buildSettings = {CODE_SIGN_STYLE = "Automatic"; CURRENT_PROJECT_VERSION = "1"; GENERATE_INFOPLIST_FILE = "NO"; INFOPLIST_FILE = "JARVIS/Info.plist"; IPHONEOS_DEPLOYMENT_TARGET = "17.0"; LD_RUNPATH_SEARCH_PATHS = "$(inherited) @executable_path/Frameworks"; MARKETING_VERSION = "0.1.0"; PRODUCT_BUNDLE_IDENTIFIER = "com.salemai.jarvis"; PRODUCT_NAME = "$(TARGET_NAME)"; SDKROOT = "iphoneos"; SWIFT_VERSION = "5.0"; TARGETED_DEVICE_FAMILY = "1,2";}; isa = "XCBuildConfiguration"; name = "Release";};
		BCD489D24CFB298E51514CBC = {isa = "PBXFileReference"; lastKnownFileType = "sourcecode.swift"; path = "MotionTokens.swift"; sourceTree = "<group>";};
		BD947BFAC3FCDDF9DB65B6B2 = {fileRef = "EC47FACB4BCD9AB0DD4EEDDF"; isa = "PBXBuildFile";};
		BE83C1D3A7C557AB91D3ACDA = {fileRef = "6D4E1CDAADDBCBDC0A2EBCF0"; isa = "PBXBuildFile";};
		BF63EAB7AD2AAB794EF8A9EA = {attributes = {LastUpgradeCheck = "1500";}; buildConfigurationList = "9FAA038AD2931E7C36DD93DE"; compatibilityVersion = "Xcode 14.0"; developmentRegion = "en"; hasScannedForEncodings = 0; isa = "PBXProject"; knownRegions = ("en", "Base"); mainGroup = "EDFD54FA45F5C1E92C99B703"; productRefGroup = "C121E6D3A841032D3C0FEACB"; projectDirPath = ""; projectRoot = ""; targets = ("FCEBD5D2F7B3FBE1CDB17FAA", "DF01296CFCCDF882CCA8FDA9", "9536A3B45C76AE402AFD5560", "EB7F0C7D1435C67EE902E7F7");};
		BF94A5B4CD4AB240249B9BC9 = {isa = "PBXFileReference"; lastKnownFileType = "sourcecode.swift"; path = "JarvisOrbitView.swift"; sourceTree = "<group>";};
		BFAF7A6F75774BA91FF87D69 = {buildActionMask = 2147483647; files = (); isa = "PBXFrameworksBuildPhase"; runOnlyForDeploymentPostprocessing = 0;};
		C121E6D3A841032D3C0FEACB = {children = ("B0F6EF3D5DA48FFC38B8CA3B", "956F6D881B8C7CE2F4EDA527", "DB72A006C71640407BFF8F2A", "1ADE17CF4EAF54F802ABFD1E"); isa = "PBXGroup"; name = "Products"; path = None; sourceTree = "<group>";};
		C19D36BA0A6FC318A9EF7AA5 = {fileRef = "FFCFA3EAE2BAE0B82BFC1000"; isa = "PBXBuildFile";};
		C2770C6EC4B4C0922CCBECFB = {fileRef = "345B5AA4AAFFABFFD4EE48CD"; isa = "PBXBuildFile";};
		C853FBDCA3DC33D72AECD6C7 = {fileRef = "8AC0CA04DE06FE5E134C3DDC"; isa = "PBXBuildFile";};
		C97E36A2CB1D9BB4BEB97B88 = {buildSettings = {CODE_SIGN_STYLE = "Automatic"; CURRENT_PROJECT_VERSION = "1"; ENABLE_HARDENED_RUNTIME = "YES"; GENERATE_INFOPLIST_FILE = "YES"; INFOPLIST_KEY_NSCalendarsUsageDescription = "جارفس يحتاج التقويم لعرض مواعيدك."; INFOPLIST_KEY_NSMicrophoneUsageDescription = "جارفس يحتاج الميكروفون للمحادثة الصوتية."; INFOPLIST_KEY_NSRemindersUsageDescription = "جارفس يحتاج التذكيرات لعرض مهامك."; MACOSX_DEPLOYMENT_TARGET = "14.0"; MARKETING_VERSION = "0.1.0"; PRODUCT_BUNDLE_IDENTIFIER = "com.salemai.jarvis.mac"; PRODUCT_NAME = "JARVIS Mac"; SDKROOT = "macosx"; SWIFT_VERSION = "5.0";}; isa = "XCBuildConfiguration"; name = "Debug";};
		C9CFCC3ABBAFA0F38B92BBD9 = {isa = "PBXFileReference"; lastKnownFileType = "sourcecode.swift"; path = "EventKitModels.swift"; sourceTree = "<group>";};
		CAA51B5E110EE0CA73CC4AAB = {buildActionMask = 2147483647; files = ("15D3864AFC0C8BD67FCDD053", "9853CF9B044CCE95D4B8DBB8", "A58CCC85C60250EF8BABA3C2", "D041FC957012CDD5D5640CE4", "FBF2637EED0E908FAFF5994D"); isa = "PBXResourcesBuildPhase"; runOnlyForDeploymentPostprocessing = 0;};
		CAFC3A31E8A57AEDDC02312C = {fileRef = "F76ABAE8D13350B83F10CFEF"; isa = "PBXBuildFile";};
		CB5EAF3375C30AE1106C3DE8 = {buildConfigurations = ("C97E36A2CB1D9BB4BEB97B88", "61DB0CCEEF6671752B9A1752"); defaultConfigurationIsVisible = 0; defaultConfigurationName = "Release"; isa = "XCConfigurationList";};
		CCAB3A074AF9C4E7FBC6E2FE = {children = ("49723F1D6BC2DBF8DC9783DA", "6D4E1CDAADDBCBDC0A2EBCF0", "6EC03C90A81CADEB2B2F6AE0", "AC0AFCD64A134EAFDAC23B60", "E7E5C421EECEDA65DB3B01E9"); isa = "PBXGroup"; name = "JARVISTests"; path = "JARVISTests"; sourceTree = "<group>";};
		CEFBAF921EEB44E26AF42FC1 = {fileRef = "AAED4EC8AFCBFFC2CDEB3B50"; isa = "PBXBuildFile";};
		CF33D364D40E6CC8AF2F0E09 = {isa = "PBXFileReference"; lastKnownFileType = "sourcecode.swift"; path = "QuickSuggestions.swift"; sourceTree = "<group>";};
		D041FC957012CDD5D5640CE4 = {fileRef = "9A624C7AAAF0AD4C7E894B11"; isa = "PBXBuildFile";};
		D19E13C3B0BBFD6CA90B87D5 = {isa = "PBXFileReference"; lastKnownFileType = "sourcecode.swift"; path = "WaveformView.swift"; sourceTree = "<group>";};
		D6FB02017FC8B0E656ABBEB7 = {children = ("8B0D84FC7D1DADF4839E4C9B", "DFDF9AF2EF8DCDBF7BF6F7C0"); isa = "PBXGroup"; name = "DesignSystem"; path = "DesignSystem"; sourceTree = "<group>";};
		D9DEA55A8CCBF66C5BD5E46D = {fileRef = "321CB02F101F41ED3D0D7362"; isa = "PBXBuildFile";};
		DA1D155E3DE4075E6ED61B4C = {fileRef = "24F05AFCE8DFCE4CE72CBEC8"; isa = "PBXBuildFile";};
		DA1F0AED4E436469EAFB0ECE = {isa = "PBXFileReference"; lastKnownFileType = "sourcecode.swift"; path = "VisualLevelModel.swift"; sourceTree = "<group>";};
		DB4EFE0C2B4D082DBBE14CFB = {isa = "PBXFileReference"; lastKnownFileType = "sourcecode.swift"; path = "CalendarTools.swift"; sourceTree = "<group>";};
		DB72A006C71640407BFF8F2A = {explicitFileType = "wrapper.cfbundle"; includeInIndex = 0; isa = "PBXFileReference"; path = "JARVISTests.xctest"; sourceTree = "BUILT_PRODUCTS_DIR";};
		DB85277CDBFD4D9BFAC6DAC3 = {children = ("3D151976DC4383D6E1EB03DB", "9A624C7AAAF0AD4C7E894B11"); isa = "PBXGroup"; name = "Resources"; path = "Resources"; sourceTree = "<group>";};
		DDE1A51C75E8C23ECDC93741 = {isa = "PBXFileReference"; lastKnownFileType = "net.daringfireball.markdown"; path = "README.md"; sourceTree = "<group>";};
		DDE33A0CE92FEAAE7EC5FAAE = {buildSettings = {CODE_SIGN_STYLE = "Automatic"; CURRENT_PROJECT_VERSION = "1"; GENERATE_INFOPLIST_FILE = "NO"; INFOPLIST_FILE = "JARVIS/Info.plist"; IPHONEOS_DEPLOYMENT_TARGET = "17.0"; LD_RUNPATH_SEARCH_PATHS = "$(inherited) @executable_path/Frameworks"; MARKETING_VERSION = "0.1.0"; PRODUCT_BUNDLE_IDENTIFIER = "com.salemai.jarvis"; PRODUCT_NAME = "$(TARGET_NAME)"; SDKROOT = "iphoneos"; SWIFT_VERSION = "5.0"; TARGETED_DEVICE_FAMILY = "1,2";}; isa = "XCBuildConfiguration"; name = "Debug";};
		DEBABDE1D6C9358C18CFEAED = {fileRef = "DFDF9AF2EF8DCDBF7BF6F7C0"; isa = "PBXBuildFile";};
		DED6FFE94FA70BEDEFD1EE2A = {buildSettings = {CLANG_ENABLE_MODULES = "YES"; IPHONEOS_DEPLOYMENT_TARGET = "17.0"; MACOSX_DEPLOYMENT_TARGET = "14.0"; SDKROOT = "macosx"; SWIFT_ACTIVE_COMPILATION_CONDITIONS = "DEBUG"; SWIFT_OPTIMIZATION_LEVEL = "-Onone";}; isa = "XCBuildConfiguration"; name = "Debug";};
		DF01296CFCCDF882CCA8FDA9 = {buildConfigurationList = "CB5EAF3375C30AE1106C3DE8"; buildPhases = ("EFDECCCBDFAFCAC4EAEEB4EB", "BFAF7A6F75774BA91FF87D69", "CAA51B5E110EE0CA73CC4AAB"); buildRules = (); dependencies = (); isa = "PBXNativeTarget"; name = "JARVIS Mac"; productName = "JARVIS Mac"; productReference = "956F6D881B8C7CE2F4EDA527"; productType = "com.apple.product-type.application";};
		DFDF9AF2EF8DCDBF7BF6F7C0 = {isa = "PBXFileReference"; lastKnownFileType = "sourcecode.swift"; path = "JarvisTokens.swift"; sourceTree = "<group>";};
		DFE72EFF5BD4ACBA6B008DC7 = {fileRef = "0F295AAFF65F9EBAD3346339"; isa = "PBXBuildFile";};
		DFEBDF2CC21FD80BC03FBC91 = {children = ("345B5AA4AAFFABFFD4EE48CD", "698D88F2AEEE8AFAA1FAAB80", "9D335FEDF63FBCB9A1CCDD8B", "ACCD6FCBC93E5DB32285AB0F", "EB75A139C5AAEFB6F6F0BE75", "ECED3D05EC5C2CEA8EAE57A3"); isa = "PBXGroup"; name = "Voice"; path = "Voice"; sourceTree = "<group>";};
		E1E8103AFA2FD5E063B8DB0C = {isa = "PBXFileReference"; lastKnownFileType = "sourcecode.swift"; path = "HomeView.swift"; sourceTree = "<group>";};
		E39D0FDDFD4AB3FAAC20ACFF = {children = ("2AC5EFDEE4A8967FC4BB5E74", "61A46AC4AEEE0695DDF0A4E7", "9DC99B3AA345DFFFA82014D6", "AAED4EC8AFCBFFC2CDEB3B50", "BCD489D24CFB298E51514CBC", "BF94A5B4CD4AB240249B9BC9", "D19E13C3B0BBFD6CA90B87D5", "DA1F0AED4E436469EAFB0ECE", "EEFBD8AD2512CEDD273F3EED"); isa = "PBXGroup"; name = "Core"; path = "Core"; sourceTree = "<group>";};
		E53A2072A206CCCB5B5CBF38 = {fileRef = "50ECCC54C87D43A5575D38B8"; isa = "PBXBuildFile";};
		E7E5C421EECEDA65DB3B01E9 = {isa = "PBXFileReference"; lastKnownFileType = "sourcecode.swift"; path = "ApprovalPolicyEvaluatorTests.swift"; sourceTree = "<group>";};
		E9BA8DB4E4FDA26EC2D0CDE5 = {fileRef = "5D3DA99CBFFCAC60E9EDC1B5"; isa = "PBXBuildFile";};
		E9D9EABCC4E572A5B6A3B890 = {fileRef = "ACCD6FCBC93E5DB32285AB0F"; isa = "PBXBuildFile";};
		EB75A139C5AAEFB6F6F0BE75 = {isa = "PBXFileReference"; lastKnownFileType = "sourcecode.swift"; path = "SessionGuardState.swift"; sourceTree = "<group>";};
		EB7F0C7D1435C67EE902E7F7 = {buildConfigurationList = "A3E66E96BD5F54F3EA6005CB"; buildPhases = ("39F99CFFBC15E44EE2AE4FF2", "B325E2BF1B4DB3BFCA7B1D0E", "1F5BEFFF05EF52F3EBDC5FF5"); buildRules = (); dependencies = (); isa = "PBXNativeTarget"; name = "JARVISTestsMac"; productName = "JARVISTestsMac"; productReference = "1ADE17CF4EAF54F802ABFD1E"; productType = "com.apple.product-type.bundle.unit-test";};
		EB8AD2BBEBBD368C85AEBBDC = {buildSettings = {CODE_SIGN_STYLE = "Automatic"; CURRENT_PROJECT_VERSION = "1"; GENERATE_INFOPLIST_FILE = "YES"; MACOSX_DEPLOYMENT_TARGET = "14.0"; MARKETING_VERSION = "0.1.0"; PRODUCT_BUNDLE_IDENTIFIER = "com.salemai.jarvisTests.mac"; PRODUCT_NAME = "$(TARGET_NAME)"; SDKROOT = "macosx"; SWIFT_VERSION = "5.0";}; isa = "XCBuildConfiguration"; name = "Debug";};
		EC47FACB4BCD9AB0DD4EEDDF = {isa = "PBXFileReference"; lastKnownFileType = "sourcecode.swift"; path = "MemorySeed.swift"; sourceTree = "<group>";};
		ECED3D05EC5C2CEA8EAE57A3 = {isa = "PBXFileReference"; lastKnownFileType = "sourcecode.swift"; path = "RealtimeVoiceSession.swift"; sourceTree = "<group>";};
		EDCDAEED8BD9982E195ACBDD = {fileRef = "6760C2E2B0AAEEF7FAFFBF19"; isa = "PBXBuildFile";};
		EDFD54FA45F5C1E92C99B703 = {children = ("56BEEB5FDC3AADFCA28DC1DD", "CCAB3A074AF9C4E7FBC6E2FE", "C121E6D3A841032D3C0FEACB"); isa = "PBXGroup"; sourceTree = "<group>";};
		EE34BDBF1A73E1EA8DF91DFD = {fileRef = "F4F5F63FA97CECAB9EA7DE1C"; isa = "PBXBuildFile";};
		EE5DBAAD3EEC0CEBF3BFAEF0 = {isa = "PBXFileReference"; lastKnownFileType = "sourcecode.swift"; path = "MockCalendarProvider.swift"; sourceTree = "<group>";};
		EE6D220DCDDBCC03ED20F19F = {isa = "PBXFileReference"; lastKnownFileType = "sourcecode.fonts"; path = "CormorantGaramond-SemiBold.ttf"; sourceTree = "<group>";};
		EEAF036B3D9AED69DE75FFF7 = {buildSettings = {CLANG_ENABLE_MODULES = "YES"; IPHONEOS_DEPLOYMENT_TARGET = "17.0"; MACOSX_DEPLOYMENT_TARGET = "14.0"; SDKROOT = "macosx"; SWIFT_OPTIMIZATION_LEVEL = "-O";}; isa = "XCBuildConfiguration"; name = "Release";};
		EEFBD8AD2512CEDD273F3EED = {isa = "PBXFileReference"; lastKnownFileType = "sourcecode.swift"; path = "LaunchTiming.swift"; sourceTree = "<group>";};
		EFCA8EDF5FEEDDCBFC4A0BCA = {fileRef = "698D88F2AEEE8AFAA1FAAB80"; isa = "PBXBuildFile";};
		EFDECCCBDFAFCAC4EAEEB4EB = {buildActionMask = 2147483647; files = ("0A2EB0ABCA123B9302CBA0D9", "0B2930F46CF1D52CA60BEACC", "215D7B5D7CFCD61C27E661B9", "21BAFEB5FA885E04231AB2FA", "22CD4FFDEBEA7C29A47AFACD", "373DEB2D29CEC0ABBD8C8FA6", "37E5FEDFD8EC7D2AF0CEAAAF", "430899D2FB9ABD4AA79997C3", "5A537CBAD9509BAFCE76FBD0", "5E458DBD633572CF9E1E11DA", "68ABC64E0BCC5AD53DB05165", "6F610B8570A8949E9F75BE05", "6FAA8B2A19E5A88BE8DCDECF", "6FEE8FA058B358BCDEFE6E4D", "78DC20193E0C0EBDBBFADA8E", "7CCC9B9D5CFAC8D3C38ABD3C", "7ED54ABFA0C78CEEC0EDB149", "8F36EA001A0B7BFAD8EFB9F4", "9551EBDD30C668EAAA3DB43E", "9CA1D7ABEBA6A7854633CB2F", "A1CD9C0BC0B5DF1680DAD2E9", "AC0381C842BFD16534AFC9F6", "AC4EFF83FADEE0C05FED3EF3", "AD7D5B50A24ED0EACA37351A", "B0D5ADEDDBE19501E7CAEC8B", "B54F1D25FA4FDCC5CEAF5F6F", "B8EAC43B57D5D6D64606FC47", "B9EB53950E44C8FBBA43E20F", "BD947BFAC3FCDDF9DB65B6B2", "C19D36BA0A6FC318A9EF7AA5", "C2770C6EC4B4C0922CCBECFB", "C853FBDCA3DC33D72AECD6C7", "CAFC3A31E8A57AEDDC02312C", "CEFBAF921EEB44E26AF42FC1", "D9DEA55A8CCBF66C5BD5E46D", "DA1D155E3DE4075E6ED61B4C", "DEBABDE1D6C9358C18CFEAED", "DFE72EFF5BD4ACBA6B008DC7", "E53A2072A206CCCB5B5CBF38", "E9BA8DB4E4FDA26EC2D0CDE5", "E9D9EABCC4E572A5B6A3B890", "EDCDAEED8BD9982E195ACBDD", "EE34BDBF1A73E1EA8DF91DFD", "EFCA8EDF5FEEDDCBFC4A0BCA", "F05BECFDEFEACB92313DC3CA", "FA3CAFEA145D009CE9070B8B", "FABFCC4D4FBCD9ACADD4CC95"); isa = "PBXSourcesBuildPhase"; runOnlyForDeploymentPostprocessing = 0;};
		F05BECFDEFEACB92313DC3CA = {fileRef = "EEFBD8AD2512CEDD273F3EED"; isa = "PBXBuildFile";};
		F3AB2F8FF559DFB1F1B9E7FE = {isa = "PBXFileReference"; lastKnownFileType = "text.plist.xml"; path = "Info.plist"; sourceTree = "<group>";};
		F4F5F63FA97CECAB9EA7DE1C = {isa = "PBXFileReference"; lastKnownFileType = "sourcecode.swift"; path = "MemoryItem.swift"; sourceTree = "<group>";};
		F582ACA2FF1BC1263A5F86BA = {children = ("DDE1A51C75E8C23ECDC93741"); isa = "PBXGroup"; name = "Icons"; path = "Icons"; sourceTree = "<group>";};
		F76ABAE8D13350B83F10CFEF = {isa = "PBXFileReference"; lastKnownFileType = "sourcecode.swift"; path = "HomeViewModel.swift"; sourceTree = "<group>";};
		F81D9ACA0FE5A808FD6BDB1B = {fileRef = "AC0AFCD64A134EAFDAC23B60"; isa = "PBXBuildFile";};
		F8F86920C3191704C9BAE50B = {children = ("A2F7F1B0BCCF461C7FA4FFE6"); isa = "PBXGroup"; name = "Diagnostics"; path = "Diagnostics"; sourceTree = "<group>";};
		F95ED3EED0DADB1F3E551A58 = {isa = "PBXFileReference"; lastKnownFileType = "sourcecode.swift"; path = "JARVISApp.swift"; sourceTree = "<group>";};
		FA2DDDFF8BEE4DC367591ED0 = {isa = "PBXFileReference"; lastKnownFileType = "sourcecode.swift"; path = "MacApp.swift"; sourceTree = "<group>";};
		FA3CAFEA145D009CE9070B8B = {fileRef = "C9CFCC3ABBAFA0F38B92BBD9"; isa = "PBXBuildFile";};
		FA40CEA49F98EBAAB5CEC23E = {buildConfigurations = ("B0FABE7426619C7CD08E3037", "7AB8A670DCC08B1BBDBCD6B5"); defaultConfigurationIsVisible = 0; defaultConfigurationName = "Release"; isa = "XCConfigurationList";};
		FAB5F0F804DCD1EDBC9AAB6F = {children = ("2BBB2BE6F32F9BDB81CEBEBF", "8AC0CA04DE06FE5E134C3DDC", "EC47FACB4BCD9AB0DD4EEDDF", "F4F5F63FA97CECAB9EA7DE1C"); isa = "PBXGroup"; name = "Memory"; path = "Memory"; sourceTree = "<group>";};
		FABFCC4D4FBCD9ACADD4CC95 = {fileRef = "DA1F0AED4E436469EAFB0ECE"; isa = "PBXBuildFile";};
		FBB6EB8F5D745E1494D46234 = {fileRef = "6EC03C90A81CADEB2B2F6AE0"; isa = "PBXBuildFile";};
		FBF2637EED0E908FAFF5994D = {fileRef = "3D151976DC4383D6E1EB03DB"; isa = "PBXBuildFile";};
		FCEBD5D2F7B3FBE1CDB17FAA = {buildConfigurationList = "AC088CD4ACD8EFAEFFFEACDC"; buildPhases = ("EFDECCCBDFAFCAC4EAEEB4EB", "BFAF7A6F75774BA91FF87D69", "CAA51B5E110EE0CA73CC4AAB"); buildRules = (); dependencies = (); isa = "PBXNativeTarget"; name = "JARVIS"; productName = "JARVIS"; productReference = "B0F6EF3D5DA48FFC38B8CA3B"; productType = "com.apple.product-type.application";};
		FDF3F6BCAC5E1BAF96C9B1B1 = {buildSettings = {CODE_SIGN_STYLE = "Automatic"; CURRENT_PROJECT_VERSION = "1"; GENERATE_INFOPLIST_FILE = "YES"; MACOSX_DEPLOYMENT_TARGET = "14.0"; MARKETING_VERSION = "0.1.0"; PRODUCT_BUNDLE_IDENTIFIER = "com.salemai.jarvisTests.mac"; PRODUCT_NAME = "$(TARGET_NAME)"; SDKROOT = "macosx"; SWIFT_VERSION = "5.0";}; isa = "XCBuildConfiguration"; name = "Release";};
		FFCFA3EAE2BAE0B82BFC1000 = {isa = "PBXFileReference"; lastKnownFileType = "sourcecode.swift"; path = "AppleEventKitWriter.swift"; sourceTree = "<group>";};
	};
	rootObject = BF63EAB7AD2AAB794EF8A9EA;
}
